// !$*UTF8*$!
{
	archiveVersion = 1;
	classes = {
	};
	objectVersion = 50;
	objects = {

/* Begin PBXBuildFile section */
		8717697A228C730400C5E8DE /* AppDelegate.swift in Sources */ = {isa = PBXBuildFile; fileRef = 87176979228C730400C5E8DE /* AppDelegate.swift */; };
		8717697C228C730400C5E8DE /* ViewController.swift in Sources */ = {isa = PBXBuildFile; fileRef = 8717697B228C730400C5E8DE /* ViewController.swift */; };
		8717697F228C730400C5E8DE /* Main.storyboard in Resources */ = {isa = PBXBuildFile; fileRef = 8717697D228C730400C5E8DE /* Main.storyboard */; };
		87176981228C730700C5E8DE /* Assets.xcassets in Resources */ = {isa = PBXBuildFile; fileRef = 87176980228C730700C5E8DE /* Assets.xcassets */; };
		87176984228C730700C5E8DE /* LaunchScreen.storyboard in Resources */ = {isa = PBXBuildFile; fileRef = 87176982228C730700C5E8DE /* LaunchScreen.storyboard */; };
		8717698F228C730800C5E8DE /* layout_sampleTests.swift in Sources */ = {isa = PBXBuildFile; fileRef = 8717698E228C730800C5E8DE /* layout_sampleTests.swift */; };
		8717699A228C730800C5E8DE /* layout_sampleUITests.swift in Sources */ = {isa = PBXBuildFile; fileRef = 87176999228C730800C5E8DE /* layout_sampleUITests.swift */; };
		871769A9228C74CD00C5E8DE /* sample3.storyboard in Resources */ = {isa = PBXBuildFile; fileRef = 871769A8228C74CD00C5E8DE /* sample3.storyboard */; };
		871769AB228C750300C5E8DE /* sample3-goal.storyboard in Resources */ = {isa = PBXBuildFile; fileRef = 871769AA228C750300C5E8DE /* sample3-goal.storyboard */; };
		871769AD228C793A00C5E8DE /* sample1-goal.storyboard in Resources */ = {isa = PBXBuildFile; fileRef = 871769AC228C793A00C5E8DE /* sample1-goal.storyboard */; };
		871769AF228C794200C5E8DE /* sample1.storyboard in Resources */ = {isa = PBXBuildFile; fileRef = 871769AE228C794200C5E8DE /* sample1.storyboard */; };
		871769B1228C794E00C5E8DE /* sample2-goal.storyboard in Resources */ = {isa = PBXBuildFile; fileRef = 871769B0228C794E00C5E8DE /* sample2-goal.storyboard */; };
		871769B3228C795700C5E8DE /* sample2.storyboard in Resources */ = {isa = PBXBuildFile; fileRef = 871769B2228C795700C5E8DE /* sample2.storyboard */; };
		DE50680622967154005FF1FC /* sample2-layout.storyboard in Resources */ = {isa = PBXBuildFile; fileRef = DE50680522967154005FF1FC /* sample2-layout.storyboard */; };
		DE5068082296755F005FF1FC /* layout1ViewController.swift in Sources */ = {isa = PBXBuildFile; fileRef = DE5068072296755F005FF1FC /* layout1ViewController.swift */; };
		DE50680A2296758B005FF1FC /* layout2ViewController.swift in Sources */ = {isa = PBXBuildFile; fileRef = DE5068092296758B005FF1FC /* layout2ViewController.swift */; };
		DE50680C2296796A005FF1FC /* FirstViewController.storyboard in Resources */ = {isa = PBXBuildFile; fileRef = DE50680B2296796A005FF1FC /* FirstViewController.storyboard */; };
		DE50680E2296799C005FF1FC /* SecondViewController.storyboard in Resources */ = {isa = PBXBuildFile; fileRef = DE50680D2296799C005FF1FC /* SecondViewController.storyboard */; };
		DE506810229679A5005FF1FC /* FirstViewController.swift in Sources */ = {isa = PBXBuildFile; fileRef = DE50680F229679A5005FF1FC /* FirstViewController.swift */; };
		DE506812229679AD005FF1FC /* SecondViewController.swift in Sources */ = {isa = PBXBuildFile; fileRef = DE506811229679AD005FF1FC /* SecondViewController.swift */; };
/* End PBXBuildFile section */

/* Begin PBXContainerItemProxy section */
		8717698B228C730800C5E8DE /* PBXContainerItemProxy */ = {
			isa = PBXContainerItemProxy;
			containerPortal = 8717696E228C730400C5E8DE /* Project object */;
			proxyType = 1;
			remoteGlobalIDString = 87176975228C730400C5E8DE;
			remoteInfo = "layout-sample";
		};
		87176996228C730800C5E8DE /* PBXContainerItemProxy */ = {
			isa = PBXContainerItemProxy;
			containerPortal = 8717696E228C730400C5E8DE /* Project object */;
			proxyType = 1;
			remoteGlobalIDString = 87176975228C730400C5E8DE;
			remoteInfo = "layout-sample";
		};
/* End PBXContainerItemProxy section */

/* Begin PBXFileReference section */
		87176976228C730400C5E8DE /* layout-sample.app */ = {isa = PBXFileReference; explicitFileType = wrapper.application; includeInIndex = 0; path = "layout-sample.app"; sourceTree = BUILT_PRODUCTS_DIR; };
		87176979228C730400C5E8DE /* AppDelegate.swift */ = {isa = PBXFileReference; lastKnownFileType = sourcecode.swift; path = AppDelegate.swift; sourceTree = "<group>"; };
		8717697B228C730400C5E8DE /* ViewController.swift */ = {isa = PBXFileReference; lastKnownFileType = sourcecode.swift; path = ViewController.swift; sourceTree = "<group>"; };
		8717697E228C730400C5E8DE /* Base */ = {isa = PBXFileReference; lastKnownFileType = file.storyboard; name = Base; path = Base.lproj/Main.storyboard; sourceTree = "<group>"; };
		87176980228C730700C5E8DE /* Assets.xcassets */ = {isa = PBXFileReference; lastKnownFileType = folder.assetcatalog; path = Assets.xcassets; sourceTree = "<group>"; };
		87176983228C730700C5E8DE /* Base */ = {isa = PBXFileReference; lastKnownFileType = file.storyboard; name = Base; path = Base.lproj/LaunchScreen.storyboard; sourceTree = "<group>"; };
		87176985228C730700C5E8DE /* Info.plist */ = {isa = PBXFileReference; lastKnownFileType = text.plist.xml; path = Info.plist; sourceTree = "<group>"; };
		8717698A228C730800C5E8DE /* layout-sampleTests.xctest */ = {isa = PBXFileReference; explicitFileType = wrapper.cfbundle; includeInIndex = 0; path = "layout-sampleTests.xctest"; sourceTree = BUILT_PRODUCTS_DIR; };
		8717698E228C730800C5E8DE /* layout_sampleTests.swift */ = {isa = PBXFileReference; lastKnownFileType = sourcecode.swift; path = layout_sampleTests.swift; sourceTree = "<group>"; };
		87176990228C730800C5E8DE /* Info.plist */ = {isa = PBXFileReference; lastKnownFileType = text.plist.xml; path = Info.plist; sourceTree = "<group>"; };
		87176995228C730800C5E8DE /* layout-sampleUITests.xctest */ = {isa = PBXFileReference; explicitFileType = wrapper.cfbundle; includeInIndex = 0; path = "layout-sampleUITests.xctest"; sourceTree = BUILT_PRODUCTS_DIR; };
		87176999228C730800C5E8DE /* layout_sampleUITests.swift */ = {isa = PBXFileReference; lastKnownFileType = sourcecode.swift; path = layout_sampleUITests.swift; sourceTree = "<group>"; };
		8717699B228C730800C5E8DE /* Info.plist */ = {isa = PBXFileReference; lastKnownFileType = text.plist.xml; path = Info.plist; sourceTree = "<group>"; };
		871769A8228C74CD00C5E8DE /* sample3.storyboard */ = {isa = PBXFileReference; lastKnownFileType = file.storyboard; path = sample3.storyboard; sourceTree = "<group>"; };
		871769AA228C750300C5E8DE /* sample3-goal.storyboard */ = {isa = PBXFileReference; lastKnownFileType = file.storyboard; path = "sample3-goal.storyboard"; sourceTree = "<group>"; };
		871769AC228C793A00C5E8DE /* sample1-goal.storyboard */ = {isa = PBXFileReference; lastKnownFileType = file.storyboard; path = "sample1-goal.storyboard"; sourceTree = "<group>"; };
		871769AE228C794200C5E8DE /* sample1.storyboard */ = {isa = PBXFileReference; lastKnownFileType = file.storyboard; path = sample1.storyboard; sourceTree = "<group>"; };
		871769B0228C794E00C5E8DE /* sample2-goal.storyboard */ = {isa = PBXFileReference; lastKnownFileType = file.storyboard; path = "sample2-goal.storyboard"; sourceTree = "<group>"; };
		871769B2228C795700C5E8DE /* sample2.storyboard */ = {isa = PBXFileReference; lastKnownFileType = file.storyboard; path = sample2.storyboard; sourceTree = "<group>"; };
		DE50680522967154005FF1FC /* sample2-layout.storyboard */ = {isa = PBXFileReference; lastKnownFileType = file.storyboard; path = "sample2-layout.storyboard"; sourceTree = "<group>"; };
		DE5068072296755F005FF1FC /* layout1ViewController.swift */ = {isa = PBXFileReference; lastKnownFileType = sourcecode.swift; path = layout1ViewController.swift; sourceTree = "<group>"; };
		DE5068092296758B005FF1FC /* layout2ViewController.swift */ = {isa = PBXFileReference; lastKnownFileType = sourcecode.swift; path = layout2ViewController.swift; sourceTree = "<group>"; };
		DE50680B2296796A005FF1FC /* FirstViewController.storyboard */ = {isa = PBXFileReference; lastKnownFileType = file.storyboard; path = FirstViewController.storyboard; sourceTree = "<group>"; };
		DE50680D2296799C005FF1FC /* SecondViewController.storyboard */ = {isa = PBXFileReference; lastKnownFileType = file.storyboard; path = SecondViewController.storyboard; sourceTree = "<group>"; };
		DE50680F229679A5005FF1FC /* FirstViewController.swift */ = {isa = PBXFileReference; lastKnownFileType = sourcecode.swift; path = FirstViewController.swift; sourceTree = "<group>"; };
		DE506811229679AD005FF1FC /* SecondViewController.swift */ = {isa = PBXFileReference; lastKnownFileType = sourcecode.swift; path = SecondViewController.swift; sourceTree = "<group>"; };
/* End PBXFileReference section */

/* Begin PBXFrameworksBuildPhase section */
		87176973228C730400C5E8DE /* Frameworks */ = {
			isa = PBXFrameworksBuildPhase;
			buildActionMask = 2147483647;
			files = (
			);
			runOnlyForDeploymentPostprocessing = 0;
		};
		87176987228C730800C5E8DE /* Frameworks */ = {
			isa = PBXFrameworksBuildPhase;
			buildActionMask = 2147483647;
			files = (
			);
			runOnlyForDeploymentPostprocessing = 0;
		};
		87176992228C730800C5E8DE /* Frameworks */ = {
			isa = PBXFrameworksBuildPhase;
			buildActionMask = 2147483647;
			files = (
			);
			runOnlyForDeploymentPostprocessing = 0;
		};
/* End PBXFrameworksBuildPhase section */

/* Begin PBXGroup section */
		8717696D228C730400C5E8DE = {
			isa = PBXGroup;
			children = (
				87176978228C730400C5E8DE /* layout-sample */,
				8717698D228C730800C5E8DE /* layout-sampleTests */,
				87176998228C730800C5E8DE /* layout-sampleUITests */,
				87176977228C730400C5E8DE /* Products */,
			);
			sourceTree = "<group>";
		};
		87176977228C730400C5E8DE /* Products */ = {
			isa = PBXGroup;
			children = (
				87176976228C730400C5E8DE /* layout-sample.app */,
				8717698A228C730800C5E8DE /* layout-sampleTests.xctest */,
				87176995228C730800C5E8DE /* layout-sampleUITests.xctest */,
			);
			name = Products;
			sourceTree = "<group>";
		};
		87176978228C730400C5E8DE /* layout-sample */ = {
			isa = PBXGroup;
			children = (
				DE50680422967137005FF1FC /* sample2 */,
				871769A7228C74BA00C5E8DE /* sample1 */,
				87176979228C730400C5E8DE /* AppDelegate.swift */,
				8717697B228C730400C5E8DE /* ViewController.swift */,
				8717697D228C730400C5E8DE /* Main.storyboard */,
				87176980228C730700C5E8DE /* Assets.xcassets */,
				87176982228C730700C5E8DE /* LaunchScreen.storyboard */,
				87176985228C730700C5E8DE /* Info.plist */,
			);
			path = "layout-sample";
			sourceTree = "<group>";
		};
		8717698D228C730800C5E8DE /* layout-sampleTests */ = {
			isa = PBXGroup;
			children = (
				8717698E228C730800C5E8DE /* layout_sampleTests.swift */,
				87176990228C730800C5E8DE /* Info.plist */,
			);
			path = "layout-sampleTests";
			sourceTree = "<group>";
		};
		87176998228C730800C5E8DE /* layout-sampleUITests */ = {
			isa = PBXGroup;
			children = (
				87176999228C730800C5E8DE /* layout_sampleUITests.swift */,
				8717699B228C730800C5E8DE /* Info.plist */,
			);
			path = "layout-sampleUITests";
			sourceTree = "<group>";
		};
		871769A7228C74BA00C5E8DE /* sample1 */ = {
			isa = PBXGroup;
			children = (
				871769AC228C793A00C5E8DE /* sample1-goal.storyboard */,
				871769AE228C794200C5E8DE /* sample1.storyboard */,
				871769B0228C794E00C5E8DE /* sample2-goal.storyboard */,
				871769B2228C795700C5E8DE /* sample2.storyboard */,
				871769A8228C74CD00C5E8DE /* sample3.storyboard */,
				871769AA228C750300C5E8DE /* sample3-goal.storyboard */,
			);
			path = sample1;
			sourceTree = "<group>";
		};
		DE50680422967137005FF1FC /* sample2 */ = {
			isa = PBXGroup;
			children = (
				DE50680522967154005FF1FC /* sample2-layout.storyboard */,
				DE5068072296755F005FF1FC /* layout1ViewController.swift */,
				DE5068092296758B005FF1FC /* layout2ViewController.swift */,
				DE50680B2296796A005FF1FC /* FirstViewController.storyboard */,
				DE50680D2296799C005FF1FC /* SecondViewController.storyboard */,
				DE50680F229679A5005FF1FC /* FirstViewController.swift */,
				DE506811229679AD005FF1FC /* SecondViewController.swift */,
			);
			path = sample2;
			sourceTree = "<group>";
		};
/* End PBXGroup section */

/* Begin PBXNativeTarget section */
		87176975228C730400C5E8DE /* layout-sample */ = {
			isa = PBXNativeTarget;
			buildConfigurationList = 8717699E228C730800C5E8DE /* Build configuration list for PBXNativeTarget "layout-sample" */;
			buildPhases = (
				87176972228C730400C5E8DE /* Sources */,
				87176973228C730400C5E8DE /* Frameworks */,
				87176974228C730400C5E8DE /* Resources */,
			);
			buildRules = (
			);
			dependencies = (
			);
			name = "layout-sample";
			productName = "layout-sample";
			productReference = 87176976228C730400C5E8DE /* layout-sample.app */;
			productType = "com.apple.product-type.application";
		};
		87176989228C730800C5E8DE /* layout-sampleTests */ = {
			isa = PBXNativeTarget;
			buildConfigurationList = 871769A1228C730800C5E8DE /* Build configuration list for PBXNativeTarget "layout-sampleTests" */;
			buildPhases = (
				87176986228C730800C5E8DE /* Sources */,
				87176987228C730800C5E8DE /* Frameworks */,
				87176988228C730800C5E8DE /* Resources */,
			);
			buildRules = (
			);
			dependencies = (
				8717698C228C730800C5E8DE /* PBXTargetDependency */,
			);
			name = "layout-sampleTests";
			productName = "layout-sampleTests";
			productReference = 8717698A228C730800C5E8DE /* layout-sampleTests.xctest */;
			productType = "com.apple.product-type.bundle.unit-test";
		};
		87176994228C730800C5E8DE /* layout-sampleUITests */ = {
			isa = PBXNativeTarget;
			buildConfigurationList = 871769A4228C730800C5E8DE /* Build configuration list for PBXNativeTarget "layout-sampleUITests" */;
			buildPhases = (
				87176991228C730800C5E8DE /* Sources */,
				87176992228C730800C5E8DE /* Frameworks */,
				87176993228C730800C5E8DE /* Resources */,
			);
			buildRules = (
			);
			dependencies = (
				87176997228C730800C5E8DE /* PBXTargetDependency */,
			);
			name = "layout-sampleUITests";
			productName = "layout-sampleUITests";
			productReference = 87176995228C730800C5E8DE /* layout-sampleUITests.xctest */;
			productType = "com.apple.product-type.bundle.ui-testing";
		};
/* End PBXNativeTarget section */

/* Begin PBXProject section */
		8717696E228C730400C5E8DE /* Project object */ = {
			isa = PBXProject;
			attributes = {
				LastSwiftUpdateCheck = 1010;
				LastUpgradeCheck = 1010;
				ORGANIZATIONNAME = gohan999;
				TargetAttributes = {
					87176975228C730400C5E8DE = {
						CreatedOnToolsVersion = 10.1;
					};
					87176989228C730800C5E8DE = {
						CreatedOnToolsVersion = 10.1;
						TestTargetID = 87176975228C730400C5E8DE;
					};
					87176994228C730800C5E8DE = {
						CreatedOnToolsVersion = 10.1;
						TestTargetID = 87176975228C730400C5E8DE;
					};
				};
			};
			buildConfigurationList = 87176971228C730400C5E8DE /* Build configuration list for PBXProject "layout-sample" */;
			compatibilityVersion = "Xcode 9.3";
			developmentRegion = en;
			hasScannedForEncodings = 0;
			knownRegions = (
				en,
				Base,
			);
			mainGroup = 8717696D228C730400C5E8DE;
			productRefGroup = 87176977228C730400C5E8DE /* Products */;
			projectDirPath = "";
			projectRoot = "";
			targets = (
				87176975228C730400C5E8DE /* layout-sample */,
				87176989228C730800C5E8DE /* layout-sampleTests */,
				87176994228C730800C5E8DE /* layout-sampleUITests */,
			);
		};
/* End PBXProject section */

/* Begin PBXResourcesBuildPhase section */
		87176974228C730400C5E8DE /* Resources */ = {
			isa = PBXResourcesBuildPhase;
			buildActionMask = 2147483647;
			files = (
				871769A9228C74CD00C5E8DE /* sample3.storyboard in Resources */,
				DE50680E2296799C005FF1FC /* SecondViewController.storyboard in Resources */,
				871769AB228C750300C5E8DE /* sample3-goal.storyboard in Resources */,
				871769B1228C794E00C5E8DE /* sample2-goal.storyboard in Resources */,
				871769AF228C794200C5E8DE /* sample1.storyboard in Resources */,
				87176984228C730700C5E8DE /* LaunchScreen.storyboard in Resources */,
				87176981228C730700C5E8DE /* Assets.xcassets in Resources */,
				8717697F228C730400C5E8DE /* Main.storyboard in Resources */,
				DE50680C2296796A005FF1FC /* FirstViewController.storyboard in Resources */,
				871769B3228C795700C5E8DE /* sample2.storyboard in Resources */,
				DE50680622967154005FF1FC /* sample2-layout.storyboard in Resources */,
				871769AD228C793A00C5E8DE /* sample1-goal.storyboard in Resources */,
			);
			runOnlyForDeploymentPostprocessing = 0;
		};
		87176988228C730800C5E8DE /* Resources */ = {
			isa = PBXResourcesBuildPhase;
			buildActionMask = 2147483647;
			files = (
			);
			runOnlyForDeploymentPostprocessing = 0;
		};
		87176993228C730800C5E8DE /* Resources */ = {
			isa = PBXResourcesBuildPhase;
			buildActionMask = 2147483647;
			files = (
			);
			runOnlyForDeploymentPostprocessing = 0;
		};
/* End PBXResourcesBuildPhase section */

/* Begin PBXSourcesBuildPhase section */
		87176972228C730400C5E8DE /* Sources */ = {
			isa = PBXSourcesBuildPhase;
			buildActionMask = 2147483647;
			files = (
				DE5068082296755F005FF1FC /* layout1ViewController.swift in Sources */,
				DE50680A2296758B005FF1FC /* layout2ViewController.swift in Sources */,
				DE506810229679A5005FF1FC /* FirstViewController.swift in Sources */,
				DE506812229679AD005FF1FC /* SecondViewController.swift in Sources */,
				8717697C228C730400C5E8DE /* ViewController.swift in Sources */,
				8717697A228C730400C5E8DE /* AppDelegate.swift in Sources */,
			);
			runOnlyForDeploymentPostprocessing = 0;
		};
		87176986228C730800C5E8DE /* Sources */ = {
			isa = PBXSourcesBuildPhase;
			buildActionMask = 2147483647;
			files = (
				8717698F228C730800C5E8DE /* layout_sampleTests.swift in Sources */,
			);
			runOnlyForDeploymentPostprocessing = 0;
		};
		87176991228C730800C5E8DE /* Sources */ = {
			isa = PBXSourcesBuildPhase;
			buildActionMask = 2147483647;
			files = (
				8717699A228C730800C5E8DE /* layout_sampleUITests.swift in Sources */,
			);
			runOnlyForDeploymentPostprocessing = 0;
		};
/* End PBXSourcesBuildPhase section */

/* Begin PBXTargetDependency section */
		8717698C228C730800C5E8DE /* PBXTargetDependency */ = {
			isa = PBXTargetDependency;
			target = 87176975228C730400C5E8DE /* layout-sample */;
			targetProxy = 8717698B228C730800C5E8DE /* PBXContainerItemProxy */;
		};
		87176997228C730800C5E8DE /* PBXTargetDependency */ = {
			isa = PBXTargetDependency;
			target = 87176975228C730400C5E8DE /* layout-sample */;
			targetProxy = 87176996228C730800C5E8DE /* PBXContainerItemProxy */;
		};
/* End PBXTargetDependency section */

/* Begin PBXVariantGroup section */
		8717697D228C730400C5E8DE /* Main.storyboard */ = {
			isa = PBXVariantGroup;
			children = (
				8717697E228C730400C5E8DE /* Base */,
			);
			name = Main.storyboard;
			sourceTree = "<group>";
		};
		87176982228C730700C5E8DE /* LaunchScreen.storyboard */ = {
			isa = PBXVariantGroup;
			children = (
				87176983228C730700C5E8DE /* Base */,
			);
			name = LaunchScreen.storyboard;
			sourceTree = "<group>";
		};
/* End PBXVariantGroup section */

/* Begin XCBuildConfiguration section */
		8717699C228C730800C5E8DE /* Debug */ = {
			isa = XCBuildConfiguration;
			buildSettings = {
				ALWAYS_SEARCH_USER_PATHS = NO;
				CLANG_ANALYZER_NONNULL = YES;
				CLANG_ANALYZER_NUMBER_OBJECT_CONVERSION = YES_AGGRESSIVE;
				CLANG_CXX_LANGUAGE_STANDARD = "gnu++14";
				CLANG_CXX_LIBRARY = "libc++";
				CLANG_ENABLE_MODULES = YES;
				CLANG_ENABLE_OBJC_ARC = YES;
				CLANG_ENABLE_OBJC_WEAK = YES;
				CLANG_WARN_BLOCK_CAPTURE_AUTORELEASING = YES;
				CLANG_WARN_BOOL_CONVERSION = YES;
				CLANG_WARN_COMMA = YES;
				CLANG_WARN_CONSTANT_CONVERSION = YES;
				CLANG_WARN_DEPRECATED_OBJC_IMPLEMENTATIONS = YES;
				CLANG_WARN_DIRECT_OBJC_ISA_USAGE = YES_ERROR;
				CLANG_WARN_DOCUMENTATION_COMMENTS = YES;
				CLANG_WARN_EMPTY_BODY = YES;
				CLANG_WARN_ENUM_CONVERSION = YES;
				CLANG_WARN_INFINITE_RECURSION = YES;
				CLANG_WARN_INT_CONVERSION = YES;
				CLANG_WARN_NON_LITERAL_NULL_CONVERSION = YES;
				CLANG_WARN_OBJC_IMPLICIT_RETAIN_SELF = YES;
				CLANG_WARN_OBJC_LITERAL_CONVERSION = YES;
				CLANG_WARN_OBJC_ROOT_CLASS = YES_ERROR;
				CLANG_WARN_RANGE_LOOP_ANALYSIS = YES;
				CLANG_WARN_STRICT_PROTOTYPES = YES;
				CLANG_WARN_SUSPICIOUS_MOVE = YES;
				CLANG_WARN_UNGUARDED_AVAILABILITY = YES_AGGRESSIVE;
				CLANG_WARN_UNREACHABLE_CODE = YES;
				CLANG_WARN__DUPLICATE_METHOD_MATCH = YES;
				CODE_SIGN_IDENTITY = "iPhone Developer";
				COPY_PHASE_STRIP = NO;
				DEBUG_INFORMATION_FORMAT = dwarf;
				ENABLE_STRICT_OBJC_MSGSEND = YES;
				ENABLE_TESTABILITY = YES;
				GCC_C_LANGUAGE_STANDARD = gnu11;
				GCC_DYNAMIC_NO_PIC = NO;
				GCC_NO_COMMON_BLOCKS = YES;
				GCC_OPTIMIZATION_LEVEL = 0;
				GCC_PREPROCESSOR_DEFINITIONS = (
					"DEBUG=1",
					"$(inherited)",
				);
				GCC_WARN_64_TO_32_BIT_CONVERSION = YES;
				GCC_WARN_ABOUT_RETURN_TYPE = YES_ERROR;
				GCC_WARN_UNDECLARED_SELECTOR = YES;
				GCC_WARN_UNINITIALIZED_AUTOS = YES_AGGRESSIVE;
				GCC_WARN_UNUSED_FUNCTION = YES;
				GCC_WARN_UNUSED_VARIABLE = YES;
				IPHONEOS_DEPLOYMENT_TARGET = 12.1;
				MTL_ENABLE_DEBUG_INFO = INCLUDE_SOURCE;
				MTL_FAST_MATH = YES;
				ONLY_ACTIVE_ARCH = YES;
				SDKROOT = iphoneos;
				SWIFT_ACTIVE_COMPILATION_CONDITIONS = DEBUG;
				SWIFT_OPTIMIZATION_LEVEL = "-Onone";
			};
			name = Debug;
		};
		8717699D228C730800C5E8DE /* Release */ = {
			isa = XCBuildConfiguration;
			buildSettings = {
				ALWAYS_SEARCH_USER_PATHS = NO;
				CLANG_ANALYZER_NONNULL = YES;
				CLANG_ANALYZER_NUMBER_OBJECT_CONVERSION = YES_AGGRESSIVE;
				CLANG_CXX_LANGUAGE_STANDARD = "gnu++14";
				CLANG_CXX_LIBRARY = "libc++";
				CLANG_ENABLE_MODULES = YES;
				CLANG_ENABLE_OBJC_ARC = YES;
				CLANG_ENABLE_OBJC_WEAK = YES;
				CLANG_WARN_BLOCK_CAPTURE_AUTORELEASING = YES;
				CLANG_WARN_BOOL_CONVERSION = YES;
				CLANG_WARN_COMMA = YES;
				CLANG_WARN_CONSTANT_CONVERSION = YES;
				CLANG_WARN_DEPRECATED_OBJC_IMPLEMENTATIONS = YES;
				CLANG_WARN_DIRECT_OBJC_ISA_USAGE = YES_ERROR;
				CLANG_WARN_DOCUMENTATION_COMMENTS = YES;
				CLANG_WARN_EMPTY_BODY = YES;
				CLANG_WARN_ENUM_CONVERSION = YES;
				CLANG_WARN_INFINITE_RECURSION = YES;
				CLANG_WARN_INT_CONVERSION = YES;
				CLANG_WARN_NON_LITERAL_NULL_CONVERSION = YES;
				CLANG_WARN_OBJC_IMPLICIT_RETAIN_SELF = YES;
				CLANG_WARN_OBJC_LITERAL_CONVERSION = YES;
				CLANG_WARN_OBJC_ROOT_CLASS = YES_ERROR;
				CLANG_WARN_RANGE_LOOP_ANALYSIS = YES;
				CLANG_WARN_STRICT_PROTOTYPES = YES;
				CLANG_WARN_SUSPICIOUS_MOVE = YES;
				CLANG_WARN_UNGUARDED_AVAILABILITY = YES_AGGRESSIVE;
				CLANG_WARN_UNREACHABLE_CODE = YES;
				CLANG_WARN__DUPLICATE_METHOD_MATCH = YES;
				CODE_SIGN_IDENTITY = "iPhone Developer";
				COPY_PHASE_STRIP = NO;
				DEBUG_INFORMATION_FORMAT = "dwarf-with-dsym";
				ENABLE_NS_ASSERTIONS = NO;
				ENABLE_STRICT_OBJC_MSGSEND = YES;
				GCC_C_LANGUAGE_STANDARD = gnu11;
				GCC_NO_COMMON_BLOCKS = YES;
				GCC_WARN_64_TO_32_BIT_CONVERSION = YES;
				GCC_WARN_ABOUT_RETURN_TYPE = YES_ERROR;
				GCC_WARN_UNDECLARED_SELECTOR = YES;
				GCC_WARN_UNINITIALIZED_AUTOS = YES_AGGRESSIVE;
				GCC_WARN_UNUSED_FUNCTION = YES;
				GCC_WARN_UNUSED_VARIABLE = YES;
				IPHONEOS_DEPLOYMENT_TARGET = 12.1;
				MTL_ENABLE_DEBUG_INFO = NO;
				MTL_FAST_MATH = YES;
				SDKROOT = iphoneos;
				SWIFT_COMPILATION_MODE = wholemodule;
				SWIFT_OPTIMIZATION_LEVEL = "-O";
				VALIDATE_PRODUCT = YES;
			};
			name = Release;
		};
		8717699F228C730800C5E8DE /* Debug */ = {
			isa = XCBuildConfiguration;
			buildSettings = {
				ASSETCATALOG_COMPILER_APPICON_NAME = AppIcon;
				CODE_SIGN_STYLE = Automatic;
				DEVELOPMENT_TEAM = 2W9VR65357;
				INFOPLIST_FILE = "layout-sample/Info.plist";
				LD_RUNPATH_SEARCH_PATHS = (
					"$(inherited)",
					"@executable_path/Frameworks",
				);
				PRODUCT_BUNDLE_IDENTIFIER = "com.sample.layout-sample";
				PRODUCT_NAME = "$(TARGET_NAME)";
				SWIFT_VERSION = 4.2;
				TARGETED_DEVICE_FAMILY = "1,2";
			};
			name = Debug;
		};
		871769A0228C730800C5E8DE /* Release */ = {
			isa = XCBuildConfiguration;
			buildSettings = {
				ASSETCATALOG_COMPILER_APPICON_NAME = AppIcon;
				CODE_SIGN_STYLE = Automatic;
				DEVELOPMENT_TEAM = 2W9VR65357;
				INFOPLIST_FILE = "layout-sample/Info.plist";
				LD_RUNPATH_SEARCH_PATHS = (
					"$(inherited)",
					"@executable_path/Frameworks",
				);
				PRODUCT_BUNDLE_IDENTIFIER = "com.sample.layout-sample";
				PRODUCT_NAME = "$(TARGET_NAME)";
				SWIFT_VERSION = 4.2;
				TARGETED_DEVICE_FAMILY = "1,2";
			};
			name = Release;
		};
		871769A2228C730800C5E8DE /* Debug */ = {
			isa = XCBuildConfiguration;
			buildSettings = {
				ALWAYS_EMBED_SWIFT_STANDARD_LIBRARIES = YES;
				BUNDLE_LOADER = "$(TEST_HOST)";
				CODE_SIGN_STYLE = Automatic;
				DEVELOPMENT_TEAM = 2W9VR65357;
				INFOPLIST_FILE = "layout-sampleTests/Info.plist";
				LD_RUNPATH_SEARCH_PATHS = (
					"$(inherited)",
					"@executable_path/Frameworks",
					"@loader_path/Frameworks",
				);
				PRODUCT_BUNDLE_IDENTIFIER = "com.sample.layout-sampleTests";
				PRODUCT_NAME = "$(TARGET_NAME)";
				SWIFT_VERSION = 4.2;
				TARGETED_DEVICE_FAMILY = "1,2";
				TEST_HOST = "$(BUILT_PRODUCTS_DIR)/layout-sample.app/layout-sample";
			};
			name = Debug;
		};
		871769A3228C730800C5E8DE /* Release */ = {
			isa = XCBuildConfiguration;
			buildSettings = {
				ALWAYS_EMBED_SWIFT_STANDARD_LIBRARIES = YES;
				BUNDLE_LOADER = "$(TEST_HOST)";
				CODE_SIGN_STYLE = Automatic;
				DEVELOPMENT_TEAM = 2W9VR65357;
				INFOPLIST_FILE = "layout-sampleTests/Info.plist";
				LD_RUNPATH_SEARCH_PATHS = (
					"$(inherited)",
					"@executable_path/Frameworks",
					"@loader_path/Frameworks",
				);
				PRODUCT_BUNDLE_IDENTIFIER = "com.sample.layout-sampleTests";
				PRODUCT_NAME = "$(TARGET_NAME)";
				SWIFT_VERSION = 4.2;
				TARGETED_DEVICE_FAMILY = "1,2";
				TEST_HOST = "$(BUILT_PRODUCTS_DIR)/layout-sample.app/layout-sample";
			};
			name = Release;
		};
		871769A5228C730800C5E8DE /* Debug */ = {
			isa = XCBuildConfiguration;
			buildSettings = {
				ALWAYS_EMBED_SWIFT_STANDARD_LIBRARIES = YES;
				CODE_SIGN_STYLE = Automatic;
				DEVELOPMENT_TEAM = 2W9VR65357;
				INFOPLIST_FILE = "layout-sampleUITests/Info.plist";
				LD_RUNPATH_SEARCH_PATHS = (
					"$(inherited)",
					"@executable_path/Frameworks",
					"@loader_path/Frameworks",
				);
				PRODUCT_BUNDLE_IDENTIFIER = "com.sample.layout-sampleUITests";
				PRODUCT_NAME = "$(TARGET_NAME)";
				SWIFT_VERSION = 4.2;
				TARGETED_DEVICE_FAMILY = "1,2";
				TEST_TARGET_NAME = "layout-sample";
			};
			name = Debug;
		};
		871769A6228C730800C5E8DE /* Release */ = {
			isa = XCBuildConfiguration;
			buildSettings = {
				ALWAYS_EMBED_SWIFT_STANDARD_LIBRARIES = YES;
				CODE_SIGN_STYLE = Automatic;
				DEVELOPMENT_TEAM = 2W9VR65357;
				INFOPLIST_FILE = "layout-sampleUITests/Info.plist";
				LD_RUNPATH_SEARCH_PATHS = (
					"$(inherited)",
					"@executable_path/Frameworks",
					"@loader_path/Frameworks",
				);
				PRODUCT_BUNDLE_IDENTIFIER = "com.sample.layout-sampleUITests";
				PRODUCT_NAME = "$(TARGET_NAME)";
				SWIFT_VERSION = 4.2;
				TARGETED_DEVICE_FAMILY = "1,2";
				TEST_TARGET_NAME = "layout-sample";
			};
			name = Release;
		};
/* End XCBuildConfiguration section */

/* Begin XCConfigurationList section */
		87176971228C730400C5E8DE /* Build configuration list for PBXProject "layout-sample" */ = {
			isa = XCConfigurationList;
			buildConfigurations = (
				8717699C228C730800C5E8DE /* Debug */,
				8717699D228C730800C5E8DE /* Release */,
			);
			defaultConfigurationIsVisible = 0;
			defaultConfigurationName = Release;
		};
		8717699E228C730800C5E8DE /* Build configuration list for PBXNativeTarget "layout-sample" */ = {
			isa = XCConfigurationList;
			buildConfigurations = (
				8717699F228C730800C5E8DE /* Debug */,
				871769A0228C730800C5E8DE /* Release */,
			);
			defaultConfigurationIsVisible = 0;
			defaultConfigurationName = Release;
		};
		871769A1228C730800C5E8DE /* Build configuration list for PBXNativeTarget "layout-sampleTests" */ = {
			isa = XCConfigurationList;
			buildConfigurations = (
				871769A2228C730800C5E8DE /* Debug */,
				871769A3228C730800C5E8DE /* Release */,
			);
			defaultConfigurationIsVisible = 0;
			defaultConfigurationName = Release;
		};
		871769A4228C730800C5E8DE /* Build configuration list for PBXNativeTarget "layout-sampleUITests" */ = {
			isa = XCConfigurationList;
			buildConfigurations = (
				871769A5228C730800C5E8DE /* Debug */,
				871769A6228C730800C5E8DE /* Release */,
			);
			defaultConfigurationIsVisible = 0;
			defaultConfigurationName = Release;
		};
/* End XCConfigurationList section */
	};
	rootObject = 8717696E228C730400C5E8DE /* Project object */;
}
