// !$*UTF8*$!
{
	archiveVersion = 1;
	classes = {
	};
	objectVersion = 51;
	objects = {

/* Begin PBXBuildFile section */
		2A20E7840A1EC41F59771464 /* Pods_layout_sampleTests.framework in Frameworks */ = {isa = PBXBuildFile; fileRef = 61CBAA81C8C2EE0C919A7581 /* Pods_layout_sampleTests.framework */; };
		774CA6ED229C3368334B172F /* Pods_layout_sampleUITests.framework in Frameworks */ = {isa = PBXBuildFile; fileRef = 9DC0BC1641FCFFD620632A2F /* Pods_layout_sampleUITests.framework */; };
		8717697A228C730400C5E8DE /* AppDelegate.swift in Sources */ = {isa = PBXBuildFile; fileRef = 87176979228C730400C5E8DE /* AppDelegate.swift */; };
		8717697C228C730400C5E8DE /* ViewController.swift in Sources */ = {isa = PBXBuildFile; fileRef = 8717697B228C730400C5E8DE /* ViewController.swift */; };
		8717697F228C730400C5E8DE /* Main.storyboard in Resources */ = {isa = PBXBuildFile; fileRef = 8717697D228C730400C5E8DE /* Main.storyboard */; };
		87176981228C730700C5E8DE /* Assets.xcassets in Resources */ = {isa = PBXBuildFile; fileRef = 87176980228C730700C5E8DE /* Assets.xcassets */; };
		87176984228C730700C5E8DE /* LaunchScreen.storyboard in Resources */ = {isa = PBXBuildFile; fileRef = 87176982228C730700C5E8DE /* LaunchScreen.storyboard */; };
		8717698F228C730800C5E8DE /* layout_sampleTests.swift in Sources */ = {isa = PBXBuildFile; fileRef = 8717698E228C730800C5E8DE /* layout_sampleTests.swift */; };
		8717699A228C730800C5E8DE /* layout_sampleUITests.swift in Sources */ = {isa = PBXBuildFile; fileRef = 87176999228C730800C5E8DE /* layout_sampleUITests.swift */; };
		871769A9228C74CD00C5E8DE /* sample3.storyboard in Resources */ = {isa = PBXBuildFile; fileRef = 871769A8228C74CD00C5E8DE /* sample3.storyboard */; };
		871769AB228C750300C5E8DE /* sample3-goal.storyboard in Resources */ = {isa = PBXBuildFile; fileRef = 871769AA228C750300C5E8DE /* sample3-goal.storyboard */; };
		871769AD228C793A00C5E8DE /* sample1-goal.storyboard in Resources */ = {isa = PBXBuildFile; fileRef = 871769AC228C793A00C5E8DE /* sample1-goal.storyboard */; };
		871769AF228C794200C5E8DE /* sample1.storyboard in Resources */ = {isa = PBXBuildFile; fileRef = 871769AE228C794200C5E8DE /* sample1.storyboard */; };
		871769B1228C794E00C5E8DE /* sample2-goal.storyboard in Resources */ = {isa = PBXBuildFile; fileRef = 871769B0228C794E00C5E8DE /* sample2-goal.storyboard */; };
		871769B3228C795700C5E8DE /* sample2.storyboard in Resources */ = {isa = PBXBuildFile; fileRef = 871769B2228C795700C5E8DE /* sample2.storyboard */; };
		87D098B622AE9AC200426DDC /* TableViewSample1ViewController.swift in Sources */ = {isa = PBXBuildFile; fileRef = 87D098B522AE9AC200426DDC /* TableViewSample1ViewController.swift */; };
		87D098B822AE9AD400426DDC /* TableViewSample1.storyboard in Resources */ = {isa = PBXBuildFile; fileRef = 87D098B722AE9AD400426DDC /* TableViewSample1.storyboard */; };
		87D098BA22AE9BFA00426DDC /* ReuseCustom1.xib in Resources */ = {isa = PBXBuildFile; fileRef = 87D098B922AE9BFA00426DDC /* ReuseCustom1.xib */; };
		87D098BC22AE9C1D00426DDC /* ReuseCustom1TableViewCell.swift in Sources */ = {isa = PBXBuildFile; fileRef = 87D098BB22AE9C1D00426DDC /* ReuseCustom1TableViewCell.swift */; };
		87D098BF22AE9FFC00426DDC /* Training1ViewController.swift in Sources */ = {isa = PBXBuildFile; fileRef = 87D098BE22AE9FFC00426DDC /* Training1ViewController.swift */; };
		87D098C122AEA01000426DDC /* Training1.storyboard in Resources */ = {isa = PBXBuildFile; fileRef = 87D098C022AEA01000426DDC /* Training1.storyboard */; };
		87D098C322B159CE00426DDC /* Training2.storyboard in Resources */ = {isa = PBXBuildFile; fileRef = 87D098C222B159CE00426DDC /* Training2.storyboard */; };
		87D098C522B15A4100426DDC /* Training2ViewController.swift in Sources */ = {isa = PBXBuildFile; fileRef = 87D098C422B15A4100426DDC /* Training2ViewController.swift */; };
		87D098C722B15B6600426DDC /* Training3ViewController.swift in Sources */ = {isa = PBXBuildFile; fileRef = 87D098C622B15B6600426DDC /* Training3ViewController.swift */; };
		87D098C922B15B7B00426DDC /* Training3.storyboard in Resources */ = {isa = PBXBuildFile; fileRef = 87D098C822B15B7B00426DDC /* Training3.storyboard */; };
		87D098CE22B15F9000426DDC /* Training2SecondViewController.swift in Sources */ = {isa = PBXBuildFile; fileRef = 87D098CD22B15F9000426DDC /* Training2SecondViewController.swift */; };
		87D098D022B15FA800426DDC /* Training2Second.storyboard in Resources */ = {isa = PBXBuildFile; fileRef = 87D098CF22B15FA800426DDC /* Training2Second.storyboard */; };
		87D098D222B1632A00426DDC /* Training2ThirdViewController.swift in Sources */ = {isa = PBXBuildFile; fileRef = 87D098D122B1632A00426DDC /* Training2ThirdViewController.swift */; };
		87D098D422B1633D00426DDC /* Training2Third.storyboard in Resources */ = {isa = PBXBuildFile; fileRef = 87D098D322B1633D00426DDC /* Training2Third.storyboard */; };
		87D098D722B16F0500426DDC /* Training4ViewController.swift in Sources */ = {isa = PBXBuildFile; fileRef = 87D098D622B16F0500426DDC /* Training4ViewController.swift */; };
		87D098D922B16F1500426DDC /* Training4.storyboard in Resources */ = {isa = PBXBuildFile; fileRef = 87D098D822B16F1500426DDC /* Training4.storyboard */; };
		87D098DD22BA80A800426DDC /* Training5ViewController.swift in Sources */ = {isa = PBXBuildFile; fileRef = 87D098DC22BA80A800426DDC /* Training5ViewController.swift */; };
		87D098DF22BA80B900426DDC /* Training5.storyboard in Resources */ = {isa = PBXBuildFile; fileRef = 87D098DE22BA80B900426DDC /* Training5.storyboard */; };
		87D098E122BA863F00426DDC /* Training4CustomCell.xib in Resources */ = {isa = PBXBuildFile; fileRef = 87D098E022BA863F00426DDC /* Training4CustomCell.xib */; };
		87D098E322BA865900426DDC /* Training4CustomTableViewCell.swift in Sources */ = {isa = PBXBuildFile; fileRef = 87D098E222BA865900426DDC /* Training4CustomTableViewCell.swift */; };
		A7B26F07F9F98E2A66C21DC5 /* Pods_layout_sample.framework in Frameworks */ = {isa = PBXBuildFile; fileRef = B7F7DD80871649134DE0E211 /* Pods_layout_sample.framework */; };
		DE08280F22FC01B5000A5836 /* SampleToDoDataSource.swift in Sources */ = {isa = PBXBuildFile; fileRef = DE08280E22FC01B5000A5836 /* SampleToDoDataSource.swift */; };
		DE08281122FC0C3D000A5836 /* RxTableViewToDoViewController.swift in Sources */ = {isa = PBXBuildFile; fileRef = DE08281022FC0C3D000A5836 /* RxTableViewToDoViewController.swift */; };
		DE20B7EE22B1FADA000ACD0D /* Training3SecondViewController.swift in Sources */ = {isa = PBXBuildFile; fileRef = DE20B7ED22B1FADA000ACD0D /* Training3SecondViewController.swift */; };
		DE20B7F022B1FAEC000ACD0D /* Training3Second.storyboard in Resources */ = {isa = PBXBuildFile; fileRef = DE20B7EF22B1FAEC000ACD0D /* Training3Second.storyboard */; };
		DE20B7F222B1FD1C000ACD0D /* Training3ThirdViewController.swift in Sources */ = {isa = PBXBuildFile; fileRef = DE20B7F122B1FD1C000ACD0D /* Training3ThirdViewController.swift */; };
		DE20B7F422B1FD2C000ACD0D /* Training3Third.storyboard in Resources */ = {isa = PBXBuildFile; fileRef = DE20B7F322B1FD2C000ACD0D /* Training3Third.storyboard */; };
		DE20B7F622B20326000ACD0D /* Training4SecondViewController.swift in Sources */ = {isa = PBXBuildFile; fileRef = DE20B7F522B20326000ACD0D /* Training4SecondViewController.swift */; };
		DE20B7F822B20337000ACD0D /* Training4Second.storyboard in Resources */ = {isa = PBXBuildFile; fileRef = DE20B7F722B20337000ACD0D /* Training4Second.storyboard */; };
		DE20B7FA22B20359000ACD0D /* Training4ThirdViewController.swift in Sources */ = {isa = PBXBuildFile; fileRef = DE20B7F922B20359000ACD0D /* Training4ThirdViewController.swift */; };
		DE20B7FC22B20369000ACD0D /* Training4Third.storyboard in Resources */ = {isa = PBXBuildFile; fileRef = DE20B7FB22B20369000ACD0D /* Training4Third.storyboard */; };
		DE20B7FE22B20398000ACD0D /* Training4FourthViewController.swift in Sources */ = {isa = PBXBuildFile; fileRef = DE20B7FD22B20398000ACD0D /* Training4FourthViewController.swift */; };
		DE20B80022B203A9000ACD0D /* Training4Fourth.storyboard in Resources */ = {isa = PBXBuildFile; fileRef = DE20B7FF22B203A9000ACD0D /* Training4Fourth.storyboard */; };
		DE2641C622C47A11009C43AE /* RealmExtension.swift in Sources */ = {isa = PBXBuildFile; fileRef = DE2641C522C47A11009C43AE /* RealmExtension.swift */; };
		DE2641C922C4811B009C43AE /* StudentModel.swift in Sources */ = {isa = PBXBuildFile; fileRef = DE2641C822C4811B009C43AE /* StudentModel.swift */; };
		DE2641CB22C48149009C43AE /* StudentSchoolModel.swift in Sources */ = {isa = PBXBuildFile; fileRef = DE2641CA22C48149009C43AE /* StudentSchoolModel.swift */; };
		DE50680622967154005FF1FC /* sample2-layout.storyboard in Resources */ = {isa = PBXBuildFile; fileRef = DE50680522967154005FF1FC /* sample2-layout.storyboard */; };
		DE5068082296755F005FF1FC /* layout1ViewController.swift in Sources */ = {isa = PBXBuildFile; fileRef = DE5068072296755F005FF1FC /* layout1ViewController.swift */; };
		DE50680A2296758B005FF1FC /* layout2ViewController.swift in Sources */ = {isa = PBXBuildFile; fileRef = DE5068092296758B005FF1FC /* layout2ViewController.swift */; };
		DE50680C2296796A005FF1FC /* FirstViewController.storyboard in Resources */ = {isa = PBXBuildFile; fileRef = DE50680B2296796A005FF1FC /* FirstViewController.storyboard */; };
		DE50680E2296799C005FF1FC /* SecondViewController.storyboard in Resources */ = {isa = PBXBuildFile; fileRef = DE50680D2296799C005FF1FC /* SecondViewController.storyboard */; };
		DE506810229679A5005FF1FC /* FirstViewController.swift in Sources */ = {isa = PBXBuildFile; fileRef = DE50680F229679A5005FF1FC /* FirstViewController.swift */; };
		DE506812229679AD005FF1FC /* SecondViewController.swift in Sources */ = {isa = PBXBuildFile; fileRef = DE506811229679AD005FF1FC /* SecondViewController.swift */; };
		DE5D6A992305361D001A88D7 /* RxTableViewToDoViewController.storyboard in Resources */ = {isa = PBXBuildFile; fileRef = DE5D6A982305361D001A88D7 /* RxTableViewToDoViewController.storyboard */; };
		DE5D6A9B23053795001A88D7 /* RxTableViewSimpleToDoViewController.swift in Sources */ = {isa = PBXBuildFile; fileRef = DE5D6A9A23053795001A88D7 /* RxTableViewSimpleToDoViewController.swift */; };
		DE5D6A9D230537A4001A88D7 /* RxTableViewSimpleToDoViewController.storyboard in Resources */ = {isa = PBXBuildFile; fileRef = DE5D6A9C230537A4001A88D7 /* RxTableViewSimpleToDoViewController.storyboard */; };
		DE65813A229FA71600C319E1 /* sample31.storyboard in Resources */ = {isa = PBXBuildFile; fileRef = DE658139229FA71600C319E1 /* sample31.storyboard */; };
		DE65813C229FA73600C319E1 /* Sample31ViewController.swift in Sources */ = {isa = PBXBuildFile; fileRef = DE65813B229FA73600C319E1 /* Sample31ViewController.swift */; };
		DE65813E229FAA2E00C319E1 /* PushSample.storyboard in Resources */ = {isa = PBXBuildFile; fileRef = DE65813D229FAA2E00C319E1 /* PushSample.storyboard */; };
		DE658140229FAA5400C319E1 /* PushViewController.swift in Sources */ = {isa = PBXBuildFile; fileRef = DE65813F229FAA5400C319E1 /* PushViewController.swift */; };
		DE658145229FAAA200C319E1 /* Sample3PushFirstViewController.swift in Sources */ = {isa = PBXBuildFile; fileRef = DE658141229FAAA100C319E1 /* Sample3PushFirstViewController.swift */; };
		DE658146229FAAA200C319E1 /* Sample3PushFirstViewController.storyboard in Resources */ = {isa = PBXBuildFile; fileRef = DE658142229FAAA200C319E1 /* Sample3PushFirstViewController.storyboard */; };
		DE658147229FAAA200C319E1 /* Sample3PushSecondViewController.storyboard in Resources */ = {isa = PBXBuildFile; fileRef = DE658143229FAAA200C319E1 /* Sample3PushSecondViewController.storyboard */; };
		DE658148229FAAA200C319E1 /* Sample3PushSecondViewController.swift in Sources */ = {isa = PBXBuildFile; fileRef = DE658144229FAAA200C319E1 /* Sample3PushSecondViewController.swift */; };
		DE65814A229FAE8300C319E1 /* PushSample2.storyboard in Resources */ = {isa = PBXBuildFile; fileRef = DE658149229FAE8300C319E1 /* PushSample2.storyboard */; };
		DE65814C229FAE9E00C319E1 /* PushSecondViewController.swift in Sources */ = {isa = PBXBuildFile; fileRef = DE65814B229FAE9E00C319E1 /* PushSecondViewController.swift */; };
		DE65814E229FAFEC00C319E1 /* ScrollViewSample.storyboard in Resources */ = {isa = PBXBuildFile; fileRef = DE65814D229FAFEC00C319E1 /* ScrollViewSample.storyboard */; };
		DE658150229FB00400C319E1 /* ScrollViewSampleViewController.swift in Sources */ = {isa = PBXBuildFile; fileRef = DE65814F229FB00400C319E1 /* ScrollViewSampleViewController.swift */; };
		DEB3AC7F22CD8E300097BCFA /* RxSwiftSample1.storyboard in Resources */ = {isa = PBXBuildFile; fileRef = DEB3AC7E22CD8E300097BCFA /* RxSwiftSample1.storyboard */; };
		DEB3AC8322CD8E760097BCFA /* RxSwiftSample1ViewController.swift in Sources */ = {isa = PBXBuildFile; fileRef = DEB3AC8222CD8E760097BCFA /* RxSwiftSample1ViewController.swift */; };
		DEB82A8C22E8258A00FF07C7 /* RxCocoa1ViewController.swift in Sources */ = {isa = PBXBuildFile; fileRef = DEB82A8B22E8258A00FF07C7 /* RxCocoa1ViewController.swift */; };
		DEB82A8E22E8259700FF07C7 /* RxCocoa1ViewController.storyboard in Resources */ = {isa = PBXBuildFile; fileRef = DEB82A8D22E8259700FF07C7 /* RxCocoa1ViewController.storyboard */; };
		DEB82A9022E825AF00FF07C7 /* RxCocoa2ViewController.swift in Sources */ = {isa = PBXBuildFile; fileRef = DEB82A8F22E825AF00FF07C7 /* RxCocoa2ViewController.swift */; };
		DEB82A9222E825B600FF07C7 /* RxCocoa2ViewController.storyboard in Resources */ = {isa = PBXBuildFile; fileRef = DEB82A9122E825B600FF07C7 /* RxCocoa2ViewController.storyboard */; };
		DEB82A9522E8709400FF07C7 /* NormalViewController.swift in Sources */ = {isa = PBXBuildFile; fileRef = DEB82A9422E8709400FF07C7 /* NormalViewController.swift */; };
		DEB82A9722E870A100FF07C7 /* NormalViewController.storyboard in Resources */ = {isa = PBXBuildFile; fileRef = DEB82A9622E870A100FF07C7 /* NormalViewController.storyboard */; };
		DEB82A9922E870AF00FF07C7 /* Normal2ViewController.swift in Sources */ = {isa = PBXBuildFile; fileRef = DEB82A9822E870AF00FF07C7 /* Normal2ViewController.swift */; };
		DEB82A9B22E870B900FF07C7 /* Normal2ViewController.storyboard in Resources */ = {isa = PBXBuildFile; fileRef = DEB82A9A22E870B900FF07C7 /* Normal2ViewController.storyboard */; };
		DEB9735822D6E8A900A82F16 /* RxSwiftSample2ViewController.swift in Sources */ = {isa = PBXBuildFile; fileRef = DEB9735722D6E8A900A82F16 /* RxSwiftSample2ViewController.swift */; };
		DEB9735A22D6E8BA00A82F16 /* RxSwiftSample2ViewController.storyboard in Resources */ = {isa = PBXBuildFile; fileRef = DEB9735922D6E8BA00A82F16 /* RxSwiftSample2ViewController.storyboard */; };
		DEB9735C22D6FAE500A82F16 /* RxSwiftSample3ViewController.swift in Sources */ = {isa = PBXBuildFile; fileRef = DEB9735B22D6FAE500A82F16 /* RxSwiftSample3ViewController.swift */; };
		DEB9735E22D6FAF200A82F16 /* RxSwiftSample3ViewController.storyboard in Resources */ = {isa = PBXBuildFile; fileRef = DEB9735D22D6FAF200A82F16 /* RxSwiftSample3ViewController.storyboard */; };
		DEB9736022D710C600A82F16 /* FavoriteModel.swift in Sources */ = {isa = PBXBuildFile; fileRef = DEB9735F22D710C600A82F16 /* FavoriteModel.swift */; };
		DEBA9E8022A8C74A001E4A2F /* TableView1.storyboard in Resources */ = {isa = PBXBuildFile; fileRef = DEBA9E7F22A8C74A001E4A2F /* TableView1.storyboard */; };
		DEBA9E8222A8C753001E4A2F /* TableView1ViewController.swift in Sources */ = {isa = PBXBuildFile; fileRef = DEBA9E8122A8C753001E4A2F /* TableView1ViewController.swift */; };
		DEBA9E8422A8C9A1001E4A2F /* Custom2TableViewCell.swift in Sources */ = {isa = PBXBuildFile; fileRef = DEBA9E8322A8C9A1001E4A2F /* Custom2TableViewCell.swift */; };
		DEBA9E8622A8C9B5001E4A2F /* Custom2TableViewCell.xib in Resources */ = {isa = PBXBuildFile; fileRef = DEBA9E8522A8C9B5001E4A2F /* Custom2TableViewCell.xib */; };
		DEBA9E8822A8CD6E001E4A2F /* Custom1TableViewCell.swift in Sources */ = {isa = PBXBuildFile; fileRef = DEBA9E8722A8CD6E001E4A2F /* Custom1TableViewCell.swift */; };
		DEBDFE35260CCDC5008F5EAF /* Simple1GoalViewController.storyboard in Resources */ = {isa = PBXBuildFile; fileRef = DEBDFE34260CCDC5008F5EAF /* Simple1GoalViewController.storyboard */; };
		DEBDFE3A260CCDED008F5EAF /* Simple1GoalViewController.swift in Sources */ = {isa = PBXBuildFile; fileRef = DEBDFE39260CCDED008F5EAF /* Simple1GoalViewController.swift */; };
		DEBDFE4B260CF4D9008F5EAF /* Simple2GoalViewController.swift in Sources */ = {isa = PBXBuildFile; fileRef = DEBDFE4A260CF4D9008F5EAF /* Simple2GoalViewController.swift */; };
		DEBDFE50260CF505008F5EAF /* Simple2GoalViewController.storyboard in Resources */ = {isa = PBXBuildFile; fileRef = DEBDFE4F260CF505008F5EAF /* Simple2GoalViewController.storyboard */; };
		DEBDFE68260CFC4B008F5EAF /* Simple3GoalViewController.swift in Sources */ = {isa = PBXBuildFile; fileRef = DEBDFE67260CFC4B008F5EAF /* Simple3GoalViewController.swift */; };
		DEBDFE6D260CFC74008F5EAF /* Simple3GoalViewController.storyboard in Resources */ = {isa = PBXBuildFile; fileRef = DEBDFE6C260CFC74008F5EAF /* Simple3GoalViewController.storyboard */; };
		DEBDFE80260D00B2008F5EAF /* Simple4GoalViewController.swift in Sources */ = {isa = PBXBuildFile; fileRef = DEBDFE7F260D00B2008F5EAF /* Simple4GoalViewController.swift */; };
		DEBDFE85260D00D8008F5EAF /* Simple4GoalViewController.storyboard in Resources */ = {isa = PBXBuildFile; fileRef = DEBDFE84260D00D8008F5EAF /* Simple4GoalViewController.storyboard */; };
		DEBDFE90260D20C2008F5EAF /* Simple2ViewController.swift in Sources */ = {isa = PBXBuildFile; fileRef = DEBDFE8F260D20C2008F5EAF /* Simple2ViewController.swift */; };
		DEBDFE95260D211D008F5EAF /* Simple2ViewController.storyboard in Resources */ = {isa = PBXBuildFile; fileRef = DEBDFE94260D211D008F5EAF /* Simple2ViewController.storyboard */; };
		DEE8EF9522F2B75F00E1B855 /* ToDoListViewController.swift in Sources */ = {isa = PBXBuildFile; fileRef = DEE8EF9422F2B75F00E1B855 /* ToDoListViewController.swift */; };
		DEE8EF9722F2B77100E1B855 /* ToDoListViewController.storyboard in Resources */ = {isa = PBXBuildFile; fileRef = DEE8EF9622F2B77100E1B855 /* ToDoListViewController.storyboard */; };
		DEE8EF9922F2C04C00E1B855 /* ToDoDetailViewController.swift in Sources */ = {isa = PBXBuildFile; fileRef = DEE8EF9822F2C04C00E1B855 /* ToDoDetailViewController.swift */; };
		DEE8EF9B22F2C05900E1B855 /* ToDoDetailViewController.storyboard in Resources */ = {isa = PBXBuildFile; fileRef = DEE8EF9A22F2C05900E1B855 /* ToDoDetailViewController.storyboard */; };
		DEE8EF9D22F2C50900E1B855 /* ToDoCustomTableViewCell.swift in Sources */ = {isa = PBXBuildFile; fileRef = DEE8EF9C22F2C50900E1B855 /* ToDoCustomTableViewCell.swift */; };
		DEE8EF9F22F2C51700E1B855 /* ToDoCustomTableViewCell.xib in Resources */ = {isa = PBXBuildFile; fileRef = DEE8EF9E22F2C51700E1B855 /* ToDoCustomTableViewCell.xib */; };
/* End PBXBuildFile section */

/* Begin PBXContainerItemProxy section */
		8717698B228C730800C5E8DE /* PBXContainerItemProxy */ = {
			isa = PBXContainerItemProxy;
			containerPortal = 8717696E228C730400C5E8DE /* Project object */;
			proxyType = 1;
			remoteGlobalIDString = 87176975228C730400C5E8DE;
			remoteInfo = "layout-sample";
		};
		87176996228C730800C5E8DE /* PBXContainerItemProxy */ = {
			isa = PBXContainerItemProxy;
			containerPortal = 8717696E228C730400C5E8DE /* Project object */;
			proxyType = 1;
			remoteGlobalIDString = 87176975228C730400C5E8DE;
			remoteInfo = "layout-sample";
		};
/* End PBXContainerItemProxy section */

/* Begin PBXFileReference section */
		0046C4F97A8CE2FA15973CF8 /* Pods-layout-sample.release.xcconfig */ = {isa = PBXFileReference; includeInIndex = 1; lastKnownFileType = text.xcconfig; name = "Pods-layout-sample.release.xcconfig"; path = "Target Support Files/Pods-layout-sample/Pods-layout-sample.release.xcconfig"; sourceTree = "<group>"; };
		1BD4772E2D1C60EFFD5E85FB /* Pods-layout-sampleUITests.release.xcconfig */ = {isa = PBXFileReference; includeInIndex = 1; lastKnownFileType = text.xcconfig; name = "Pods-layout-sampleUITests.release.xcconfig"; path = "Target Support Files/Pods-layout-sampleUITests/Pods-layout-sampleUITests.release.xcconfig"; sourceTree = "<group>"; };
		20687F81CBF2CCC585935A14 /* Pods-layout-sample.debug.xcconfig */ = {isa = PBXFileReference; includeInIndex = 1; lastKnownFileType = text.xcconfig; name = "Pods-layout-sample.debug.xcconfig"; path = "Target Support Files/Pods-layout-sample/Pods-layout-sample.debug.xcconfig"; sourceTree = "<group>"; };
		41978AA01D6D67782A031F1D /* Pods-layout-sampleTests.debug.xcconfig */ = {isa = PBXFileReference; includeInIndex = 1; lastKnownFileType = text.xcconfig; name = "Pods-layout-sampleTests.debug.xcconfig"; path = "Target Support Files/Pods-layout-sampleTests/Pods-layout-sampleTests.debug.xcconfig"; sourceTree = "<group>"; };
		61CBAA81C8C2EE0C919A7581 /* Pods_layout_sampleTests.framework */ = {isa = PBXFileReference; explicitFileType = wrapper.framework; includeInIndex = 0; path = Pods_layout_sampleTests.framework; sourceTree = BUILT_PRODUCTS_DIR; };
		6C3FDB2F18287BB15D926DEF /* Pods-layout-sampleTests.release.xcconfig */ = {isa = PBXFileReference; includeInIndex = 1; lastKnownFileType = text.xcconfig; name = "Pods-layout-sampleTests.release.xcconfig"; path = "Target Support Files/Pods-layout-sampleTests/Pods-layout-sampleTests.release.xcconfig"; sourceTree = "<group>"; };
		87176976228C730400C5E8DE /* layout-sample.app */ = {isa = PBXFileReference; explicitFileType = wrapper.application; includeInIndex = 0; path = "layout-sample.app"; sourceTree = BUILT_PRODUCTS_DIR; };
		87176979228C730400C5E8DE /* AppDelegate.swift */ = {isa = PBXFileReference; lastKnownFileType = sourcecode.swift; path = AppDelegate.swift; sourceTree = "<group>"; };
		8717697B228C730400C5E8DE /* ViewController.swift */ = {isa = PBXFileReference; lastKnownFileType = sourcecode.swift; path = ViewController.swift; sourceTree = "<group>"; };
		8717697E228C730400C5E8DE /* Base */ = {isa = PBXFileReference; lastKnownFileType = file.storyboard; name = Base; path = Base.lproj/Main.storyboard; sourceTree = "<group>"; };
		87176980228C730700C5E8DE /* Assets.xcassets */ = {isa = PBXFileReference; lastKnownFileType = folder.assetcatalog; path = Assets.xcassets; sourceTree = "<group>"; };
		87176983228C730700C5E8DE /* Base */ = {isa = PBXFileReference; lastKnownFileType = file.storyboard; name = Base; path = Base.lproj/LaunchScreen.storyboard; sourceTree = "<group>"; };
		87176985228C730700C5E8DE /* Info.plist */ = {isa = PBXFileReference; lastKnownFileType = text.plist.xml; path = Info.plist; sourceTree = "<group>"; };
		8717698A228C730800C5E8DE /* layout-sampleTests.xctest */ = {isa = PBXFileReference; explicitFileType = wrapper.cfbundle; includeInIndex = 0; path = "layout-sampleTests.xctest"; sourceTree = BUILT_PRODUCTS_DIR; };
		8717698E228C730800C5E8DE /* layout_sampleTests.swift */ = {isa = PBXFileReference; lastKnownFileType = sourcecode.swift; path = layout_sampleTests.swift; sourceTree = "<group>"; };
		87176990228C730800C5E8DE /* Info.plist */ = {isa = PBXFileReference; lastKnownFileType = text.plist.xml; path = Info.plist; sourceTree = "<group>"; };
		87176995228C730800C5E8DE /* layout-sampleUITests.xctest */ = {isa = PBXFileReference; explicitFileType = wrapper.cfbundle; includeInIndex = 0; path = "layout-sampleUITests.xctest"; sourceTree = BUILT_PRODUCTS_DIR; };
		87176999228C730800C5E8DE /* layout_sampleUITests.swift */ = {isa = PBXFileReference; lastKnownFileType = sourcecode.swift; path = layout_sampleUITests.swift; sourceTree = "<group>"; };
		8717699B228C730800C5E8DE /* Info.plist */ = {isa = PBXFileReference; lastKnownFileType = text.plist.xml; path = Info.plist; sourceTree = "<group>"; };
		871769A8228C74CD00C5E8DE /* sample3.storyboard */ = {isa = PBXFileReference; lastKnownFileType = file.storyboard; path = sample3.storyboard; sourceTree = "<group>"; };
		871769AA228C750300C5E8DE /* sample3-goal.storyboard */ = {isa = PBXFileReference; lastKnownFileType = file.storyboard; path = "sample3-goal.storyboard"; sourceTree = "<group>"; };
		871769AC228C793A00C5E8DE /* sample1-goal.storyboard */ = {isa = PBXFileReference; lastKnownFileType = file.storyboard; path = "sample1-goal.storyboard"; sourceTree = "<group>"; };
		871769AE228C794200C5E8DE /* sample1.storyboard */ = {isa = PBXFileReference; lastKnownFileType = file.storyboard; path = sample1.storyboard; sourceTree = "<group>"; };
		871769B0228C794E00C5E8DE /* sample2-goal.storyboard */ = {isa = PBXFileReference; lastKnownFileType = file.storyboard; path = "sample2-goal.storyboard"; sourceTree = "<group>"; };
		871769B2228C795700C5E8DE /* sample2.storyboard */ = {isa = PBXFileReference; lastKnownFileType = file.storyboard; path = sample2.storyboard; sourceTree = "<group>"; };
		87D098B522AE9AC200426DDC /* TableViewSample1ViewController.swift */ = {isa = PBXFileReference; lastKnownFileType = sourcecode.swift; path = TableViewSample1ViewController.swift; sourceTree = "<group>"; };
		87D098B722AE9AD400426DDC /* TableViewSample1.storyboard */ = {isa = PBXFileReference; lastKnownFileType = file.storyboard; path = TableViewSample1.storyboard; sourceTree = "<group>"; };
		87D098B922AE9BFA00426DDC /* ReuseCustom1.xib */ = {isa = PBXFileReference; lastKnownFileType = file.xib; path = ReuseCustom1.xib; sourceTree = "<group>"; };
		87D098BB22AE9C1D00426DDC /* ReuseCustom1TableViewCell.swift */ = {isa = PBXFileReference; lastKnownFileType = sourcecode.swift; path = ReuseCustom1TableViewCell.swift; sourceTree = "<group>"; };
		87D098BE22AE9FFC00426DDC /* Training1ViewController.swift */ = {isa = PBXFileReference; lastKnownFileType = sourcecode.swift; path = Training1ViewController.swift; sourceTree = "<group>"; };
		87D098C022AEA01000426DDC /* Training1.storyboard */ = {isa = PBXFileReference; lastKnownFileType = file.storyboard; path = Training1.storyboard; sourceTree = "<group>"; };
		87D098C222B159CE00426DDC /* Training2.storyboard */ = {isa = PBXFileReference; lastKnownFileType = file.storyboard; path = Training2.storyboard; sourceTree = "<group>"; };
		87D098C422B15A4100426DDC /* Training2ViewController.swift */ = {isa = PBXFileReference; lastKnownFileType = sourcecode.swift; path = Training2ViewController.swift; sourceTree = "<group>"; };
		87D098C622B15B6600426DDC /* Training3ViewController.swift */ = {isa = PBXFileReference; lastKnownFileType = sourcecode.swift; path = Training3ViewController.swift; sourceTree = "<group>"; };
		87D098C822B15B7B00426DDC /* Training3.storyboard */ = {isa = PBXFileReference; lastKnownFileType = file.storyboard; path = Training3.storyboard; sourceTree = "<group>"; };
		87D098CD22B15F9000426DDC /* Training2SecondViewController.swift */ = {isa = PBXFileReference; lastKnownFileType = sourcecode.swift; path = Training2SecondViewController.swift; sourceTree = "<group>"; };
		87D098CF22B15FA800426DDC /* Training2Second.storyboard */ = {isa = PBXFileReference; lastKnownFileType = file.storyboard; path = Training2Second.storyboard; sourceTree = "<group>"; };
		87D098D122B1632A00426DDC /* Training2ThirdViewController.swift */ = {isa = PBXFileReference; lastKnownFileType = sourcecode.swift; path = Training2ThirdViewController.swift; sourceTree = "<group>"; };
		87D098D322B1633D00426DDC /* Training2Third.storyboard */ = {isa = PBXFileReference; lastKnownFileType = file.storyboard; path = Training2Third.storyboard; sourceTree = "<group>"; };
		87D098D622B16F0500426DDC /* Training4ViewController.swift */ = {isa = PBXFileReference; lastKnownFileType = sourcecode.swift; path = Training4ViewController.swift; sourceTree = "<group>"; };
		87D098D822B16F1500426DDC /* Training4.storyboard */ = {isa = PBXFileReference; lastKnownFileType = file.storyboard; path = Training4.storyboard; sourceTree = "<group>"; };
		87D098DC22BA80A800426DDC /* Training5ViewController.swift */ = {isa = PBXFileReference; lastKnownFileType = sourcecode.swift; path = Training5ViewController.swift; sourceTree = "<group>"; };
		87D098DE22BA80B900426DDC /* Training5.storyboard */ = {isa = PBXFileReference; lastKnownFileType = file.storyboard; path = Training5.storyboard; sourceTree = "<group>"; };
		87D098E022BA863F00426DDC /* Training4CustomCell.xib */ = {isa = PBXFileReference; lastKnownFileType = file.xib; path = Training4CustomCell.xib; sourceTree = "<group>"; };
		87D098E222BA865900426DDC /* Training4CustomTableViewCell.swift */ = {isa = PBXFileReference; lastKnownFileType = sourcecode.swift; path = Training4CustomTableViewCell.swift; sourceTree = "<group>"; };
		91542056D20371DC2ACA6FD8 /* Pods-layout-sampleUITests.debug.xcconfig */ = {isa = PBXFileReference; includeInIndex = 1; lastKnownFileType = text.xcconfig; name = "Pods-layout-sampleUITests.debug.xcconfig"; path = "Target Support Files/Pods-layout-sampleUITests/Pods-layout-sampleUITests.debug.xcconfig"; sourceTree = "<group>"; };
		9DC0BC1641FCFFD620632A2F /* Pods_layout_sampleUITests.framework */ = {isa = PBXFileReference; explicitFileType = wrapper.framework; includeInIndex = 0; path = Pods_layout_sampleUITests.framework; sourceTree = BUILT_PRODUCTS_DIR; };
		B7F7DD80871649134DE0E211 /* Pods_layout_sample.framework */ = {isa = PBXFileReference; explicitFileType = wrapper.framework; includeInIndex = 0; path = Pods_layout_sample.framework; sourceTree = BUILT_PRODUCTS_DIR; };
		DE08280E22FC01B5000A5836 /* SampleToDoDataSource.swift */ = {isa = PBXFileReference; lastKnownFileType = sourcecode.swift; path = SampleToDoDataSource.swift; sourceTree = "<group>"; };
		DE08281022FC0C3D000A5836 /* RxTableViewToDoViewController.swift */ = {isa = PBXFileReference; lastKnownFileType = sourcecode.swift; path = RxTableViewToDoViewController.swift; sourceTree = "<group>"; };
		DE20B7ED22B1FADA000ACD0D /* Training3SecondViewController.swift */ = {isa = PBXFileReference; lastKnownFileType = sourcecode.swift; path = Training3SecondViewController.swift; sourceTree = "<group>"; };
		DE20B7EF22B1FAEC000ACD0D /* Training3Second.storyboard */ = {isa = PBXFileReference; lastKnownFileType = file.storyboard; path = Training3Second.storyboard; sourceTree = "<group>"; };
		DE20B7F122B1FD1C000ACD0D /* Training3ThirdViewController.swift */ = {isa = PBXFileReference; lastKnownFileType = sourcecode.swift; path = Training3ThirdViewController.swift; sourceTree = "<group>"; };
		DE20B7F322B1FD2C000ACD0D /* Training3Third.storyboard */ = {isa = PBXFileReference; lastKnownFileType = file.storyboard; path = Training3Third.storyboard; sourceTree = "<group>"; };
		DE20B7F522B20326000ACD0D /* Training4SecondViewController.swift */ = {isa = PBXFileReference; lastKnownFileType = sourcecode.swift; path = Training4SecondViewController.swift; sourceTree = "<group>"; };
		DE20B7F722B20337000ACD0D /* Training4Second.storyboard */ = {isa = PBXFileReference; lastKnownFileType = file.storyboard; path = Training4Second.storyboard; sourceTree = "<group>"; };
		DE20B7F922B20359000ACD0D /* Training4ThirdViewController.swift */ = {isa = PBXFileReference; lastKnownFileType = sourcecode.swift; path = Training4ThirdViewController.swift; sourceTree = "<group>"; };
		DE20B7FB22B20369000ACD0D /* Training4Third.storyboard */ = {isa = PBXFileReference; lastKnownFileType = file.storyboard; path = Training4Third.storyboard; sourceTree = "<group>"; };
		DE20B7FD22B20398000ACD0D /* Training4FourthViewController.swift */ = {isa = PBXFileReference; lastKnownFileType = sourcecode.swift; path = Training4FourthViewController.swift; sourceTree = "<group>"; };
		DE20B7FF22B203A9000ACD0D /* Training4Fourth.storyboard */ = {isa = PBXFileReference; lastKnownFileType = file.storyboard; path = Training4Fourth.storyboard; sourceTree = "<group>"; };
		DE2641C522C47A11009C43AE /* RealmExtension.swift */ = {isa = PBXFileReference; lastKnownFileType = sourcecode.swift; path = RealmExtension.swift; sourceTree = "<group>"; };
		DE2641C822C4811B009C43AE /* StudentModel.swift */ = {isa = PBXFileReference; lastKnownFileType = sourcecode.swift; path = StudentModel.swift; sourceTree = "<group>"; };
		DE2641CA22C48149009C43AE /* StudentSchoolModel.swift */ = {isa = PBXFileReference; lastKnownFileType = sourcecode.swift; path = StudentSchoolModel.swift; sourceTree = "<group>"; };
		DE50680522967154005FF1FC /* sample2-layout.storyboard */ = {isa = PBXFileReference; lastKnownFileType = file.storyboard; path = "sample2-layout.storyboard"; sourceTree = "<group>"; };
		DE5068072296755F005FF1FC /* layout1ViewController.swift */ = {isa = PBXFileReference; lastKnownFileType = sourcecode.swift; path = layout1ViewController.swift; sourceTree = "<group>"; };
		DE5068092296758B005FF1FC /* layout2ViewController.swift */ = {isa = PBXFileReference; lastKnownFileType = sourcecode.swift; path = layout2ViewController.swift; sourceTree = "<group>"; };
		DE50680B2296796A005FF1FC /* FirstViewController.storyboard */ = {isa = PBXFileReference; lastKnownFileType = file.storyboard; path = FirstViewController.storyboard; sourceTree = "<group>"; };
		DE50680D2296799C005FF1FC /* SecondViewController.storyboard */ = {isa = PBXFileReference; lastKnownFileType = file.storyboard; path = SecondViewController.storyboard; sourceTree = "<group>"; };
		DE50680F229679A5005FF1FC /* FirstViewController.swift */ = {isa = PBXFileReference; lastKnownFileType = sourcecode.swift; path = FirstViewController.swift; sourceTree = "<group>"; };
		DE506811229679AD005FF1FC /* SecondViewController.swift */ = {isa = PBXFileReference; lastKnownFileType = sourcecode.swift; path = SecondViewController.swift; sourceTree = "<group>"; };
		DE5D6A982305361D001A88D7 /* RxTableViewToDoViewController.storyboard */ = {isa = PBXFileReference; lastKnownFileType = file.storyboard; path = RxTableViewToDoViewController.storyboard; sourceTree = "<group>"; };
		DE5D6A9A23053795001A88D7 /* RxTableViewSimpleToDoViewController.swift */ = {isa = PBXFileReference; lastKnownFileType = sourcecode.swift; path = RxTableViewSimpleToDoViewController.swift; sourceTree = "<group>"; };
		DE5D6A9C230537A4001A88D7 /* RxTableViewSimpleToDoViewController.storyboard */ = {isa = PBXFileReference; lastKnownFileType = file.storyboard; path = RxTableViewSimpleToDoViewController.storyboard; sourceTree = "<group>"; };
		DE658139229FA71600C319E1 /* sample31.storyboard */ = {isa = PBXFileReference; lastKnownFileType = file.storyboard; path = sample31.storyboard; sourceTree = "<group>"; };
		DE65813B229FA73600C319E1 /* Sample31ViewController.swift */ = {isa = PBXFileReference; lastKnownFileType = sourcecode.swift; path = Sample31ViewController.swift; sourceTree = "<group>"; };
		DE65813D229FAA2E00C319E1 /* PushSample.storyboard */ = {isa = PBXFileReference; lastKnownFileType = file.storyboard; path = PushSample.storyboard; sourceTree = "<group>"; };
		DE65813F229FAA5400C319E1 /* PushViewController.swift */ = {isa = PBXFileReference; lastKnownFileType = sourcecode.swift; path = PushViewController.swift; sourceTree = "<group>"; };
		DE658141229FAAA100C319E1 /* Sample3PushFirstViewController.swift */ = {isa = PBXFileReference; fileEncoding = 4; lastKnownFileType = sourcecode.swift; path = Sample3PushFirstViewController.swift; sourceTree = "<group>"; };
		DE658142229FAAA200C319E1 /* Sample3PushFirstViewController.storyboard */ = {isa = PBXFileReference; fileEncoding = 4; lastKnownFileType = file.storyboard; path = Sample3PushFirstViewController.storyboard; sourceTree = "<group>"; };
		DE658143229FAAA200C319E1 /* Sample3PushSecondViewController.storyboard */ = {isa = PBXFileReference; fileEncoding = 4; lastKnownFileType = file.storyboard; path = Sample3PushSecondViewController.storyboard; sourceTree = "<group>"; };
		DE658144229FAAA200C319E1 /* Sample3PushSecondViewController.swift */ = {isa = PBXFileReference; fileEncoding = 4; lastKnownFileType = sourcecode.swift; path = Sample3PushSecondViewController.swift; sourceTree = "<group>"; };
		DE658149229FAE8300C319E1 /* PushSample2.storyboard */ = {isa = PBXFileReference; lastKnownFileType = file.storyboard; path = PushSample2.storyboard; sourceTree = "<group>"; };
		DE65814B229FAE9E00C319E1 /* PushSecondViewController.swift */ = {isa = PBXFileReference; lastKnownFileType = sourcecode.swift; path = PushSecondViewController.swift; sourceTree = "<group>"; };
		DE65814D229FAFEC00C319E1 /* ScrollViewSample.storyboard */ = {isa = PBXFileReference; lastKnownFileType = file.storyboard; path = ScrollViewSample.storyboard; sourceTree = "<group>"; };
		DE65814F229FB00400C319E1 /* ScrollViewSampleViewController.swift */ = {isa = PBXFileReference; lastKnownFileType = sourcecode.swift; path = ScrollViewSampleViewController.swift; sourceTree = "<group>"; };
		DEB3AC7E22CD8E300097BCFA /* RxSwiftSample1.storyboard */ = {isa = PBXFileReference; lastKnownFileType = file.storyboard; path = RxSwiftSample1.storyboard; sourceTree = "<group>"; };
		DEB3AC8222CD8E760097BCFA /* RxSwiftSample1ViewController.swift */ = {isa = PBXFileReference; lastKnownFileType = sourcecode.swift; path = RxSwiftSample1ViewController.swift; sourceTree = "<group>"; };
		DEB82A8B22E8258A00FF07C7 /* RxCocoa1ViewController.swift */ = {isa = PBXFileReference; lastKnownFileType = sourcecode.swift; path = RxCocoa1ViewController.swift; sourceTree = "<group>"; };
		DEB82A8D22E8259700FF07C7 /* RxCocoa1ViewController.storyboard */ = {isa = PBXFileReference; lastKnownFileType = file.storyboard; path = RxCocoa1ViewController.storyboard; sourceTree = "<group>"; };
		DEB82A8F22E825AF00FF07C7 /* RxCocoa2ViewController.swift */ = {isa = PBXFileReference; lastKnownFileType = sourcecode.swift; path = RxCocoa2ViewController.swift; sourceTree = "<group>"; };
		DEB82A9122E825B600FF07C7 /* RxCocoa2ViewController.storyboard */ = {isa = PBXFileReference; lastKnownFileType = file.storyboard; path = RxCocoa2ViewController.storyboard; sourceTree = "<group>"; };
		DEB82A9422E8709400FF07C7 /* NormalViewController.swift */ = {isa = PBXFileReference; lastKnownFileType = sourcecode.swift; path = NormalViewController.swift; sourceTree = "<group>"; };
		DEB82A9622E870A100FF07C7 /* NormalViewController.storyboard */ = {isa = PBXFileReference; lastKnownFileType = file.storyboard; path = NormalViewController.storyboard; sourceTree = "<group>"; };
		DEB82A9822E870AF00FF07C7 /* Normal2ViewController.swift */ = {isa = PBXFileReference; lastKnownFileType = sourcecode.swift; path = Normal2ViewController.swift; sourceTree = "<group>"; };
		DEB82A9A22E870B900FF07C7 /* Normal2ViewController.storyboard */ = {isa = PBXFileReference; lastKnownFileType = file.storyboard; path = Normal2ViewController.storyboard; sourceTree = "<group>"; };
		DEB9735722D6E8A900A82F16 /* RxSwiftSample2ViewController.swift */ = {isa = PBXFileReference; lastKnownFileType = sourcecode.swift; path = RxSwiftSample2ViewController.swift; sourceTree = "<group>"; };
		DEB9735922D6E8BA00A82F16 /* RxSwiftSample2ViewController.storyboard */ = {isa = PBXFileReference; lastKnownFileType = file.storyboard; path = RxSwiftSample2ViewController.storyboard; sourceTree = "<group>"; };
		DEB9735B22D6FAE500A82F16 /* RxSwiftSample3ViewController.swift */ = {isa = PBXFileReference; lastKnownFileType = sourcecode.swift; path = RxSwiftSample3ViewController.swift; sourceTree = "<group>"; };
		DEB9735D22D6FAF200A82F16 /* RxSwiftSample3ViewController.storyboard */ = {isa = PBXFileReference; lastKnownFileType = file.storyboard; path = RxSwiftSample3ViewController.storyboard; sourceTree = "<group>"; };
		DEB9735F22D710C600A82F16 /* FavoriteModel.swift */ = {isa = PBXFileReference; lastKnownFileType = sourcecode.swift; path = FavoriteModel.swift; sourceTree = "<group>"; };
		DEBA9E7F22A8C74A001E4A2F /* TableView1.storyboard */ = {isa = PBXFileReference; lastKnownFileType = file.storyboard; path = TableView1.storyboard; sourceTree = "<group>"; };
		DEBA9E8122A8C753001E4A2F /* TableView1ViewController.swift */ = {isa = PBXFileReference; lastKnownFileType = sourcecode.swift; path = TableView1ViewController.swift; sourceTree = "<group>"; };
		DEBA9E8322A8C9A1001E4A2F /* Custom2TableViewCell.swift */ = {isa = PBXFileReference; lastKnownFileType = sourcecode.swift; path = Custom2TableViewCell.swift; sourceTree = "<group>"; };
		DEBA9E8522A8C9B5001E4A2F /* Custom2TableViewCell.xib */ = {isa = PBXFileReference; lastKnownFileType = file.xib; path = Custom2TableViewCell.xib; sourceTree = "<group>"; };
		DEBA9E8722A8CD6E001E4A2F /* Custom1TableViewCell.swift */ = {isa = PBXFileReference; lastKnownFileType = sourcecode.swift; path = Custom1TableViewCell.swift; sourceTree = "<group>"; };
		DEBDFE34260CCDC5008F5EAF /* Simple1GoalViewController.storyboard */ = {isa = PBXFileReference; lastKnownFileType = file.storyboard; path = Simple1GoalViewController.storyboard; sourceTree = "<group>"; };
		DEBDFE39260CCDED008F5EAF /* Simple1GoalViewController.swift */ = {isa = PBXFileReference; lastKnownFileType = sourcecode.swift; path = Simple1GoalViewController.swift; sourceTree = "<group>"; };
		DEBDFE4A260CF4D9008F5EAF /* Simple2GoalViewController.swift */ = {isa = PBXFileReference; lastKnownFileType = sourcecode.swift; path = Simple2GoalViewController.swift; sourceTree = "<group>"; };
		DEBDFE4F260CF505008F5EAF /* Simple2GoalViewController.storyboard */ = {isa = PBXFileReference; lastKnownFileType = file.storyboard; path = Simple2GoalViewController.storyboard; sourceTree = "<group>"; };
		DEBDFE67260CFC4B008F5EAF /* Simple3GoalViewController.swift */ = {isa = PBXFileReference; lastKnownFileType = sourcecode.swift; path = Simple3GoalViewController.swift; sourceTree = "<group>"; };
		DEBDFE6C260CFC74008F5EAF /* Simple3GoalViewController.storyboard */ = {isa = PBXFileReference; lastKnownFileType = file.storyboard; path = Simple3GoalViewController.storyboard; sourceTree = "<group>"; };
		DEBDFE7F260D00B2008F5EAF /* Simple4GoalViewController.swift */ = {isa = PBXFileReference; lastKnownFileType = sourcecode.swift; path = Simple4GoalViewController.swift; sourceTree = "<group>"; };
		DEBDFE84260D00D8008F5EAF /* Simple4GoalViewController.storyboard */ = {isa = PBXFileReference; lastKnownFileType = file.storyboard; path = Simple4GoalViewController.storyboard; sourceTree = "<group>"; };
		DEBDFE8F260D20C2008F5EAF /* Simple2ViewController.swift */ = {isa = PBXFileReference; lastKnownFileType = sourcecode.swift; path = Simple2ViewController.swift; sourceTree = "<group>"; };
		DEBDFE94260D211D008F5EAF /* Simple2ViewController.storyboard */ = {isa = PBXFileReference; fileEncoding = 4; lastKnownFileType = file.storyboard; path = Simple2ViewController.storyboard; sourceTree = "<group>"; };
		DEE8EF9422F2B75F00E1B855 /* ToDoListViewController.swift */ = {isa = PBXFileReference; lastKnownFileType = sourcecode.swift; path = ToDoListViewController.swift; sourceTree = "<group>"; };
		DEE8EF9622F2B77100E1B855 /* ToDoListViewController.storyboard */ = {isa = PBXFileReference; lastKnownFileType = file.storyboard; path = ToDoListViewController.storyboard; sourceTree = "<group>"; };
		DEE8EF9822F2C04C00E1B855 /* ToDoDetailViewController.swift */ = {isa = PBXFileReference; lastKnownFileType = sourcecode.swift; path = ToDoDetailViewController.swift; sourceTree = "<group>"; };
		DEE8EF9A22F2C05900E1B855 /* ToDoDetailViewController.storyboard */ = {isa = PBXFileReference; lastKnownFileType = file.storyboard; path = ToDoDetailViewController.storyboard; sourceTree = "<group>"; };
		DEE8EF9C22F2C50900E1B855 /* ToDoCustomTableViewCell.swift */ = {isa = PBXFileReference; lastKnownFileType = sourcecode.swift; path = ToDoCustomTableViewCell.swift; sourceTree = "<group>"; };
		DEE8EF9E22F2C51700E1B855 /* ToDoCustomTableViewCell.xib */ = {isa = PBXFileReference; lastKnownFileType = file.xib; path = ToDoCustomTableViewCell.xib; sourceTree = "<group>"; };
/* End PBXFileReference section */

/* Begin PBXFrameworksBuildPhase section */
		87176973228C730400C5E8DE /* Frameworks */ = {
			isa = PBXFrameworksBuildPhase;
			buildActionMask = 2147483647;
			files = (
				A7B26F07F9F98E2A66C21DC5 /* Pods_layout_sample.framework in Frameworks */,
			);
			runOnlyForDeploymentPostprocessing = 0;
		};
		87176987228C730800C5E8DE /* Frameworks */ = {
			isa = PBXFrameworksBuildPhase;
			buildActionMask = 2147483647;
			files = (
				2A20E7840A1EC41F59771464 /* Pods_layout_sampleTests.framework in Frameworks */,
			);
			runOnlyForDeploymentPostprocessing = 0;
		};
		87176992228C730800C5E8DE /* Frameworks */ = {
			isa = PBXFrameworksBuildPhase;
			buildActionMask = 2147483647;
			files = (
				774CA6ED229C3368334B172F /* Pods_layout_sampleUITests.framework in Frameworks */,
			);
			runOnlyForDeploymentPostprocessing = 0;
		};
/* End PBXFrameworksBuildPhase section */

/* Begin PBXGroup section */
		441CF5704DFC1418FEF94ADA /* Frameworks */ = {
			isa = PBXGroup;
			children = (
				B7F7DD80871649134DE0E211 /* Pods_layout_sample.framework */,
				61CBAA81C8C2EE0C919A7581 /* Pods_layout_sampleTests.framework */,
				9DC0BC1641FCFFD620632A2F /* Pods_layout_sampleUITests.framework */,
			);
			name = Frameworks;
			sourceTree = "<group>";
		};
		8717696D228C730400C5E8DE = {
			isa = PBXGroup;
			children = (
				87176978228C730400C5E8DE /* layout-sample */,
				8717698D228C730800C5E8DE /* layout-sampleTests */,
				87176998228C730800C5E8DE /* layout-sampleUITests */,
				87176977228C730400C5E8DE /* Products */,
				8FE0E6C966E008862CDFC6A4 /* Pods */,
				441CF5704DFC1418FEF94ADA /* Frameworks */,
			);
			sourceTree = "<group>";
		};
		87176977228C730400C5E8DE /* Products */ = {
			isa = PBXGroup;
			children = (
				87176976228C730400C5E8DE /* layout-sample.app */,
				8717698A228C730800C5E8DE /* layout-sampleTests.xctest */,
				87176995228C730800C5E8DE /* layout-sampleUITests.xctest */,
			);
			name = Products;
			sourceTree = "<group>";
		};
		87176978228C730400C5E8DE /* layout-sample */ = {
			isa = PBXGroup;
			children = (
				DEBDFE33260CCD80008F5EAF /* sample12 */,
				DE08280D22FC0157000A5836 /* sample11 */,
				DEE8EF9322F2B74600E1B855 /* sample10 */,
				DEB82A8A22E8255600FF07C7 /* sample9 */,
				DEB9735622D6E89100A82F16 /* sample8 */,
				DEB3AC7D22CD8E1B0097BCFA /* sample7 */,
				DE2641C722C4810B009C43AE /* Model */,
				DE2641C422C479CF009C43AE /* Extension */,
				87D098DA22BA808A00426DDC /* sample6 */,
				87D098B422AE9A9800426DDC /* sample5 */,
				DEBA9E7E22A8C486001E4A2F /* sample4 */,
				DE658138229F99E700C319E1 /* sample3 */,
				DE50680422967137005FF1FC /* sample2 */,
				871769A7228C74BA00C5E8DE /* sample1 */,
				87176979228C730400C5E8DE /* AppDelegate.swift */,
				8717697B228C730400C5E8DE /* ViewController.swift */,
				8717697D228C730400C5E8DE /* Main.storyboard */,
				87176980228C730700C5E8DE /* Assets.xcassets */,
				87176982228C730700C5E8DE /* LaunchScreen.storyboard */,
				87176985228C730700C5E8DE /* Info.plist */,
			);
			path = "layout-sample";
			sourceTree = "<group>";
		};
		8717698D228C730800C5E8DE /* layout-sampleTests */ = {
			isa = PBXGroup;
			children = (
				8717698E228C730800C5E8DE /* layout_sampleTests.swift */,
				87176990228C730800C5E8DE /* Info.plist */,
			);
			path = "layout-sampleTests";
			sourceTree = "<group>";
		};
		87176998228C730800C5E8DE /* layout-sampleUITests */ = {
			isa = PBXGroup;
			children = (
				87176999228C730800C5E8DE /* layout_sampleUITests.swift */,
				8717699B228C730800C5E8DE /* Info.plist */,
			);
			path = "layout-sampleUITests";
			sourceTree = "<group>";
		};
		871769A7228C74BA00C5E8DE /* sample1 */ = {
			isa = PBXGroup;
			children = (
				871769AC228C793A00C5E8DE /* sample1-goal.storyboard */,
				871769AE228C794200C5E8DE /* sample1.storyboard */,
				871769B0228C794E00C5E8DE /* sample2-goal.storyboard */,
				871769B2228C795700C5E8DE /* sample2.storyboard */,
				871769A8228C74CD00C5E8DE /* sample3.storyboard */,
				871769AA228C750300C5E8DE /* sample3-goal.storyboard */,
			);
			path = sample1;
			sourceTree = "<group>";
		};
		87D098B422AE9A9800426DDC /* sample5 */ = {
			isa = PBXGroup;
			children = (
				87D098BD22AE9FCE00426DDC /* Trainings */,
				87D098B522AE9AC200426DDC /* TableViewSample1ViewController.swift */,
				87D098B722AE9AD400426DDC /* TableViewSample1.storyboard */,
				87D098B922AE9BFA00426DDC /* ReuseCustom1.xib */,
				87D098BB22AE9C1D00426DDC /* ReuseCustom1TableViewCell.swift */,
			);
			path = sample5;
			sourceTree = "<group>";
		};
		87D098BD22AE9FCE00426DDC /* Trainings */ = {
			isa = PBXGroup;
			children = (
				87D098D522B16EF100426DDC /* Training4 */,
				87D098CC22B15F7100426DDC /* Training3 */,
				87D098CB22B15F5A00426DDC /* Training2 */,
				87D098CA22B15F4C00426DDC /* Training1 */,
			);
			path = Trainings;
			sourceTree = "<group>";
		};
		87D098CA22B15F4C00426DDC /* Training1 */ = {
			isa = PBXGroup;
			children = (
				87D098BE22AE9FFC00426DDC /* Training1ViewController.swift */,
				87D098C022AEA01000426DDC /* Training1.storyboard */,
			);
			path = Training1;
			sourceTree = "<group>";
		};
		87D098CB22B15F5A00426DDC /* Training2 */ = {
			isa = PBXGroup;
			children = (
				87D098C222B159CE00426DDC /* Training2.storyboard */,
				87D098C422B15A4100426DDC /* Training2ViewController.swift */,
				87D098CD22B15F9000426DDC /* Training2SecondViewController.swift */,
				87D098CF22B15FA800426DDC /* Training2Second.storyboard */,
				87D098D122B1632A00426DDC /* Training2ThirdViewController.swift */,
				87D098D322B1633D00426DDC /* Training2Third.storyboard */,
			);
			path = Training2;
			sourceTree = "<group>";
		};
		87D098CC22B15F7100426DDC /* Training3 */ = {
			isa = PBXGroup;
			children = (
				87D098C622B15B6600426DDC /* Training3ViewController.swift */,
				87D098C822B15B7B00426DDC /* Training3.storyboard */,
				DE20B7ED22B1FADA000ACD0D /* Training3SecondViewController.swift */,
				DE20B7EF22B1FAEC000ACD0D /* Training3Second.storyboard */,
				DE20B7F122B1FD1C000ACD0D /* Training3ThirdViewController.swift */,
				DE20B7F322B1FD2C000ACD0D /* Training3Third.storyboard */,
			);
			path = Training3;
			sourceTree = "<group>";
		};
		87D098D522B16EF100426DDC /* Training4 */ = {
			isa = PBXGroup;
			children = (
				87D098D622B16F0500426DDC /* Training4ViewController.swift */,
				87D098D822B16F1500426DDC /* Training4.storyboard */,
				DE20B7F522B20326000ACD0D /* Training4SecondViewController.swift */,
				DE20B7F722B20337000ACD0D /* Training4Second.storyboard */,
				DE20B7F922B20359000ACD0D /* Training4ThirdViewController.swift */,
				DE20B7FB22B20369000ACD0D /* Training4Third.storyboard */,
				DE20B7FD22B20398000ACD0D /* Training4FourthViewController.swift */,
				DE20B7FF22B203A9000ACD0D /* Training4Fourth.storyboard */,
				87D098E022BA863F00426DDC /* Training4CustomCell.xib */,
				87D098E222BA865900426DDC /* Training4CustomTableViewCell.swift */,
			);
			path = Training4;
			sourceTree = "<group>";
		};
		87D098DA22BA808A00426DDC /* sample6 */ = {
			isa = PBXGroup;
			children = (
				87D098DB22BA809500426DDC /* Training5 */,
			);
			path = sample6;
			sourceTree = "<group>";
		};
		87D098DB22BA809500426DDC /* Training5 */ = {
			isa = PBXGroup;
			children = (
				87D098DC22BA80A800426DDC /* Training5ViewController.swift */,
				87D098DE22BA80B900426DDC /* Training5.storyboard */,
			);
			path = Training5;
			sourceTree = "<group>";
		};
		8FE0E6C966E008862CDFC6A4 /* Pods */ = {
			isa = PBXGroup;
			children = (
				20687F81CBF2CCC585935A14 /* Pods-layout-sample.debug.xcconfig */,
				0046C4F97A8CE2FA15973CF8 /* Pods-layout-sample.release.xcconfig */,
				41978AA01D6D67782A031F1D /* Pods-layout-sampleTests.debug.xcconfig */,
				6C3FDB2F18287BB15D926DEF /* Pods-layout-sampleTests.release.xcconfig */,
				91542056D20371DC2ACA6FD8 /* Pods-layout-sampleUITests.debug.xcconfig */,
				1BD4772E2D1C60EFFD5E85FB /* Pods-layout-sampleUITests.release.xcconfig */,
			);
			path = Pods;
			sourceTree = "<group>";
		};
		DE08280D22FC0157000A5836 /* sample11 */ = {
			isa = PBXGroup;
			children = (
				DE08280E22FC01B5000A5836 /* SampleToDoDataSource.swift */,
				DE08281022FC0C3D000A5836 /* RxTableViewToDoViewController.swift */,
				DE5D6A982305361D001A88D7 /* RxTableViewToDoViewController.storyboard */,
				DE5D6A9A23053795001A88D7 /* RxTableViewSimpleToDoViewController.swift */,
				DE5D6A9C230537A4001A88D7 /* RxTableViewSimpleToDoViewController.storyboard */,
			);
			path = sample11;
			sourceTree = "<group>";
		};
		DE2641C422C479CF009C43AE /* Extension */ = {
			isa = PBXGroup;
			children = (
				DE2641C522C47A11009C43AE /* RealmExtension.swift */,
			);
			path = Extension;
			sourceTree = "<group>";
		};
		DE2641C722C4810B009C43AE /* Model */ = {
			isa = PBXGroup;
			children = (
				DE2641C822C4811B009C43AE /* StudentModel.swift */,
				DE2641CA22C48149009C43AE /* StudentSchoolModel.swift */,
				DEB9735F22D710C600A82F16 /* FavoriteModel.swift */,
			);
			path = Model;
			sourceTree = "<group>";
		};
		DE50680422967137005FF1FC /* sample2 */ = {
			isa = PBXGroup;
			children = (
				DE50680522967154005FF1FC /* sample2-layout.storyboard */,
				DE5068072296755F005FF1FC /* layout1ViewController.swift */,
				DE5068092296758B005FF1FC /* layout2ViewController.swift */,
				DE50680B2296796A005FF1FC /* FirstViewController.storyboard */,
				DE50680D2296799C005FF1FC /* SecondViewController.storyboard */,
				DE50680F229679A5005FF1FC /* FirstViewController.swift */,
				DE506811229679AD005FF1FC /* SecondViewController.swift */,
			);
			path = sample2;
			sourceTree = "<group>";
		};
		DE658138229F99E700C319E1 /* sample3 */ = {
			isa = PBXGroup;
			children = (
				DE658142229FAAA200C319E1 /* Sample3PushFirstViewController.storyboard */,
				DE658141229FAAA100C319E1 /* Sample3PushFirstViewController.swift */,
				DE658143229FAAA200C319E1 /* Sample3PushSecondViewController.storyboard */,
				DE658144229FAAA200C319E1 /* Sample3PushSecondViewController.swift */,
				DE658139229FA71600C319E1 /* sample31.storyboard */,
				DE65813B229FA73600C319E1 /* Sample31ViewController.swift */,
				DE65813D229FAA2E00C319E1 /* PushSample.storyboard */,
				DE65813F229FAA5400C319E1 /* PushViewController.swift */,
				DE658149229FAE8300C319E1 /* PushSample2.storyboard */,
				DE65814B229FAE9E00C319E1 /* PushSecondViewController.swift */,
				DE65814D229FAFEC00C319E1 /* ScrollViewSample.storyboard */,
				DE65814F229FB00400C319E1 /* ScrollViewSampleViewController.swift */,
			);
			path = sample3;
			sourceTree = "<group>";
		};
		DEB3AC7D22CD8E1B0097BCFA /* sample7 */ = {
			isa = PBXGroup;
			children = (
				DEB3AC7E22CD8E300097BCFA /* RxSwiftSample1.storyboard */,
				DEB3AC8222CD8E760097BCFA /* RxSwiftSample1ViewController.swift */,
			);
			path = sample7;
			sourceTree = "<group>";
		};
		DEB82A8A22E8255600FF07C7 /* sample9 */ = {
			isa = PBXGroup;
			children = (
				DEB82A9322E8706800FF07C7 /* normal_pattern */,
				DEB82A8B22E8258A00FF07C7 /* RxCocoa1ViewController.swift */,
				DEB82A8D22E8259700FF07C7 /* RxCocoa1ViewController.storyboard */,
				DEB82A8F22E825AF00FF07C7 /* RxCocoa2ViewController.swift */,
				DEB82A9122E825B600FF07C7 /* RxCocoa2ViewController.storyboard */,
			);
			path = sample9;
			sourceTree = "<group>";
		};
		DEB82A9322E8706800FF07C7 /* normal_pattern */ = {
			isa = PBXGroup;
			children = (
				DEB82A9422E8709400FF07C7 /* NormalViewController.swift */,
				DEB82A9622E870A100FF07C7 /* NormalViewController.storyboard */,
				DEB82A9822E870AF00FF07C7 /* Normal2ViewController.swift */,
				DEB82A9A22E870B900FF07C7 /* Normal2ViewController.storyboard */,
			);
			path = normal_pattern;
			sourceTree = "<group>";
		};
		DEB9735622D6E89100A82F16 /* sample8 */ = {
			isa = PBXGroup;
			children = (
				DEB9735722D6E8A900A82F16 /* RxSwiftSample2ViewController.swift */,
				DEB9735922D6E8BA00A82F16 /* RxSwiftSample2ViewController.storyboard */,
				DEB9735B22D6FAE500A82F16 /* RxSwiftSample3ViewController.swift */,
				DEB9735D22D6FAF200A82F16 /* RxSwiftSample3ViewController.storyboard */,
			);
			path = sample8;
			sourceTree = "<group>";
		};
		DEBA9E7E22A8C486001E4A2F /* sample4 */ = {
			isa = PBXGroup;
			children = (
				DEBA9E7F22A8C74A001E4A2F /* TableView1.storyboard */,
				DEBA9E8122A8C753001E4A2F /* TableView1ViewController.swift */,
				DEBA9E8322A8C9A1001E4A2F /* Custom2TableViewCell.swift */,
				DEBA9E8522A8C9B5001E4A2F /* Custom2TableViewCell.xib */,
				DEBA9E8722A8CD6E001E4A2F /* Custom1TableViewCell.swift */,
			);
			path = sample4;
			sourceTree = "<group>";
		};
		DEBDFE33260CCD80008F5EAF /* sample12 */ = {
			isa = PBXGroup;
			children = (
				DEBDFE57260CFB14008F5EAF /* goal */,
				DEBDFE8F260D20C2008F5EAF /* Simple2ViewController.swift */,
				DEBDFE94260D211D008F5EAF /* Simple2ViewController.storyboard */,
			);
			path = sample12;
			sourceTree = "<group>";
		};
		DEBDFE57260CFB14008F5EAF /* goal */ = {
			isa = PBXGroup;
			children = (
				DEBDFE34260CCDC5008F5EAF /* Simple1GoalViewController.storyboard */,
				DEBDFE39260CCDED008F5EAF /* Simple1GoalViewController.swift */,
				DEBDFE4A260CF4D9008F5EAF /* Simple2GoalViewController.swift */,
				DEBDFE4F260CF505008F5EAF /* Simple2GoalViewController.storyboard */,
				DEBDFE67260CFC4B008F5EAF /* Simple3GoalViewController.swift */,
				DEBDFE6C260CFC74008F5EAF /* Simple3GoalViewController.storyboard */,
				DEBDFE7F260D00B2008F5EAF /* Simple4GoalViewController.swift */,
				DEBDFE84260D00D8008F5EAF /* Simple4GoalViewController.storyboard */,
			);
			path = goal;
			sourceTree = "<group>";
		};
		DEE8EF9322F2B74600E1B855 /* sample10 */ = {
			isa = PBXGroup;
			children = (
				DEE8EF9422F2B75F00E1B855 /* ToDoListViewController.swift */,
				DEE8EF9622F2B77100E1B855 /* ToDoListViewController.storyboard */,
				DEE8EF9822F2C04C00E1B855 /* ToDoDetailViewController.swift */,
				DEE8EF9A22F2C05900E1B855 /* ToDoDetailViewController.storyboard */,
				DEE8EF9C22F2C50900E1B855 /* ToDoCustomTableViewCell.swift */,
				DEE8EF9E22F2C51700E1B855 /* ToDoCustomTableViewCell.xib */,
			);
			path = sample10;
			sourceTree = "<group>";
		};
/* End PBXGroup section */

/* Begin PBXNativeTarget section */
		87176975228C730400C5E8DE /* layout-sample */ = {
			isa = PBXNativeTarget;
			buildConfigurationList = 8717699E228C730800C5E8DE /* Build configuration list for PBXNativeTarget "layout-sample" */;
			buildPhases = (
				AEBB9966B3C7EC6D5022FBA0 /* [CP] Check Pods Manifest.lock */,
				87176972228C730400C5E8DE /* Sources */,
				87176973228C730400C5E8DE /* Frameworks */,
				87176974228C730400C5E8DE /* Resources */,
				FFB943B7717FF15ED286F1E5 /* [CP] Embed Pods Frameworks */,
			);
			buildRules = (
			);
			dependencies = (
			);
			name = "layout-sample";
			productName = "layout-sample";
			productReference = 87176976228C730400C5E8DE /* layout-sample.app */;
			productType = "com.apple.product-type.application";
		};
		87176989228C730800C5E8DE /* layout-sampleTests */ = {
			isa = PBXNativeTarget;
			buildConfigurationList = 871769A1228C730800C5E8DE /* Build configuration list for PBXNativeTarget "layout-sampleTests" */;
			buildPhases = (
				812E330C7A5F8B6B4BE9DE73 /* [CP] Check Pods Manifest.lock */,
				87176986228C730800C5E8DE /* Sources */,
				87176987228C730800C5E8DE /* Frameworks */,
				87176988228C730800C5E8DE /* Resources */,
			);
			buildRules = (
			);
			dependencies = (
				8717698C228C730800C5E8DE /* PBXTargetDependency */,
			);
			name = "layout-sampleTests";
			productName = "layout-sampleTests";
			productReference = 8717698A228C730800C5E8DE /* layout-sampleTests.xctest */;
			productType = "com.apple.product-type.bundle.unit-test";
		};
		87176994228C730800C5E8DE /* layout-sampleUITests */ = {
			isa = PBXNativeTarget;
			buildConfigurationList = 871769A4228C730800C5E8DE /* Build configuration list for PBXNativeTarget "layout-sampleUITests" */;
			buildPhases = (
				0FA25883359B4561E6C01F72 /* [CP] Check Pods Manifest.lock */,
				87176991228C730800C5E8DE /* Sources */,
				87176992228C730800C5E8DE /* Frameworks */,
				87176993228C730800C5E8DE /* Resources */,
			);
			buildRules = (
			);
			dependencies = (
				87176997228C730800C5E8DE /* PBXTargetDependency */,
			);
			name = "layout-sampleUITests";
			productName = "layout-sampleUITests";
			productReference = 87176995228C730800C5E8DE /* layout-sampleUITests.xctest */;
			productType = "com.apple.product-type.bundle.ui-testing";
		};
/* End PBXNativeTarget section */

/* Begin PBXProject section */
		8717696E228C730400C5E8DE /* Project object */ = {
			isa = PBXProject;
			attributes = {
				LastSwiftUpdateCheck = 1010;
				LastUpgradeCheck = 1010;
				ORGANIZATIONNAME = gohan999;
				TargetAttributes = {
					87176975228C730400C5E8DE = {
						CreatedOnToolsVersion = 10.1;
					};
					87176989228C730800C5E8DE = {
						CreatedOnToolsVersion = 10.1;
						TestTargetID = 87176975228C730400C5E8DE;
					};
					87176994228C730800C5E8DE = {
						CreatedOnToolsVersion = 10.1;
						TestTargetID = 87176975228C730400C5E8DE;
					};
				};
			};
			buildConfigurationList = 87176971228C730400C5E8DE /* Build configuration list for PBXProject "layout-sample" */;
			compatibilityVersion = "Xcode 9.3";
			developmentRegion = en;
			hasScannedForEncodings = 0;
			knownRegions = (
				en,
				Base,
			);
			mainGroup = 8717696D228C730400C5E8DE;
			productRefGroup = 87176977228C730400C5E8DE /* Products */;
			projectDirPath = "";
			projectRoot = "";
			targets = (
				87176975228C730400C5E8DE /* layout-sample */,
				87176989228C730800C5E8DE /* layout-sampleTests */,
				87176994228C730800C5E8DE /* layout-sampleUITests */,
			);
		};
/* End PBXProject section */

/* Begin PBXResourcesBuildPhase section */
		87176974228C730400C5E8DE /* Resources */ = {
			isa = PBXResourcesBuildPhase;
			buildActionMask = 2147483647;
			files = (
				871769A9228C74CD00C5E8DE /* sample3.storyboard in Resources */,
				87D098C322B159CE00426DDC /* Training2.storyboard in Resources */,
				DEB3AC7F22CD8E300097BCFA /* RxSwiftSample1.storyboard in Resources */,
				DE658147229FAAA200C319E1 /* Sample3PushSecondViewController.storyboard in Resources */,
				DEE8EF9F22F2C51700E1B855 /* ToDoCustomTableViewCell.xib in Resources */,
				DE50680E2296799C005FF1FC /* SecondViewController.storyboard in Resources */,
				871769AB228C750300C5E8DE /* sample3-goal.storyboard in Resources */,
				871769B1228C794E00C5E8DE /* sample2-goal.storyboard in Resources */,
				87D098BA22AE9BFA00426DDC /* ReuseCustom1.xib in Resources */,
				DE65814A229FAE8300C319E1 /* PushSample2.storyboard in Resources */,
				DEB82A8E22E8259700FF07C7 /* RxCocoa1ViewController.storyboard in Resources */,
				871769AF228C794200C5E8DE /* sample1.storyboard in Resources */,
				DEB9735A22D6E8BA00A82F16 /* RxSwiftSample2ViewController.storyboard in Resources */,
				DEB9735E22D6FAF200A82F16 /* RxSwiftSample3ViewController.storyboard in Resources */,
				DEBDFE85260D00D8008F5EAF /* Simple4GoalViewController.storyboard in Resources */,
				DEB82A9722E870A100FF07C7 /* NormalViewController.storyboard in Resources */,
				DE5D6A992305361D001A88D7 /* RxTableViewToDoViewController.storyboard in Resources */,
				DEBDFE6D260CFC74008F5EAF /* Simple3GoalViewController.storyboard in Resources */,
				DE65813A229FA71600C319E1 /* sample31.storyboard in Resources */,
				87D098C122AEA01000426DDC /* Training1.storyboard in Resources */,
				DEB82A9B22E870B900FF07C7 /* Normal2ViewController.storyboard in Resources */,
				87D098D022B15FA800426DDC /* Training2Second.storyboard in Resources */,
				DEB82A9222E825B600FF07C7 /* RxCocoa2ViewController.storyboard in Resources */,
				DE658146229FAAA200C319E1 /* Sample3PushFirstViewController.storyboard in Resources */,
				DE20B7F822B20337000ACD0D /* Training4Second.storyboard in Resources */,
				87D098B822AE9AD400426DDC /* TableViewSample1.storyboard in Resources */,
				DE65813E229FAA2E00C319E1 /* PushSample.storyboard in Resources */,
				87D098DF22BA80B900426DDC /* Training5.storyboard in Resources */,
				DE20B7F422B1FD2C000ACD0D /* Training3Third.storyboard in Resources */,
				DEE8EF9722F2B77100E1B855 /* ToDoListViewController.storyboard in Resources */,
				DEE8EF9B22F2C05900E1B855 /* ToDoDetailViewController.storyboard in Resources */,
				DE65814E229FAFEC00C319E1 /* ScrollViewSample.storyboard in Resources */,
				87176984228C730700C5E8DE /* LaunchScreen.storyboard in Resources */,
				DEBDFE35260CCDC5008F5EAF /* Simple1GoalViewController.storyboard in Resources */,
				DE5D6A9D230537A4001A88D7 /* RxTableViewSimpleToDoViewController.storyboard in Resources */,
				DEBA9E8022A8C74A001E4A2F /* TableView1.storyboard in Resources */,
				DEBDFE95260D211D008F5EAF /* Simple2ViewController.storyboard in Resources */,
				87176981228C730700C5E8DE /* Assets.xcassets in Resources */,
				8717697F228C730400C5E8DE /* Main.storyboard in Resources */,
				DE50680C2296796A005FF1FC /* FirstViewController.storyboard in Resources */,
				87D098E122BA863F00426DDC /* Training4CustomCell.xib in Resources */,
				871769B3228C795700C5E8DE /* sample2.storyboard in Resources */,
				DE20B80022B203A9000ACD0D /* Training4Fourth.storyboard in Resources */,
				87D098D422B1633D00426DDC /* Training2Third.storyboard in Resources */,
				87D098C922B15B7B00426DDC /* Training3.storyboard in Resources */,
				DE50680622967154005FF1FC /* sample2-layout.storyboard in Resources */,
				DE20B7FC22B20369000ACD0D /* Training4Third.storyboard in Resources */,
				DEBA9E8622A8C9B5001E4A2F /* Custom2TableViewCell.xib in Resources */,
				871769AD228C793A00C5E8DE /* sample1-goal.storyboard in Resources */,
				DEBDFE50260CF505008F5EAF /* Simple2GoalViewController.storyboard in Resources */,
				DE20B7F022B1FAEC000ACD0D /* Training3Second.storyboard in Resources */,
				87D098D922B16F1500426DDC /* Training4.storyboard in Resources */,
			);
			runOnlyForDeploymentPostprocessing = 0;
		};
		87176988228C730800C5E8DE /* Resources */ = {
			isa = PBXResourcesBuildPhase;
			buildActionMask = 2147483647;
			files = (
			);
			runOnlyForDeploymentPostprocessing = 0;
		};
		87176993228C730800C5E8DE /* Resources */ = {
			isa = PBXResourcesBuildPhase;
			buildActionMask = 2147483647;
			files = (
			);
			runOnlyForDeploymentPostprocessing = 0;
		};
/* End PBXResourcesBuildPhase section */

/* Begin PBXShellScriptBuildPhase section */
		0FA25883359B4561E6C01F72 /* [CP] Check Pods Manifest.lock */ = {
			isa = PBXShellScriptBuildPhase;
			buildActionMask = 2147483647;
			files = (
			);
			inputFileListPaths = (
			);
			inputPaths = (
				"${PODS_PODFILE_DIR_PATH}/Podfile.lock",
				"${PODS_ROOT}/Manifest.lock",
			);
			name = "[CP] Check Pods Manifest.lock";
			outputFileListPaths = (
			);
			outputPaths = (
				"$(DERIVED_FILE_DIR)/Pods-layout-sampleUITests-checkManifestLockResult.txt",
			);
			runOnlyForDeploymentPostprocessing = 0;
			shellPath = /bin/sh;
			shellScript = "diff \"${PODS_PODFILE_DIR_PATH}/Podfile.lock\" \"${PODS_ROOT}/Manifest.lock\" > /dev/null\nif [ $? != 0 ] ; then\n    # print error to STDERR\n    echo \"error: The sandbox is not in sync with the Podfile.lock. Run 'pod install' or update your CocoaPods installation.\" >&2\n    exit 1\nfi\n# This output is used by Xcode 'outputs' to avoid re-running this script phase.\necho \"SUCCESS\" > \"${SCRIPT_OUTPUT_FILE_0}\"\n";
			showEnvVarsInLog = 0;
		};
		812E330C7A5F8B6B4BE9DE73 /* [CP] Check Pods Manifest.lock */ = {
			isa = PBXShellScriptBuildPhase;
			buildActionMask = 2147483647;
			files = (
			);
			inputFileListPaths = (
			);
			inputPaths = (
				"${PODS_PODFILE_DIR_PATH}/Podfile.lock",
				"${PODS_ROOT}/Manifest.lock",
			);
			name = "[CP] Check Pods Manifest.lock";
			outputFileListPaths = (
			);
			outputPaths = (
				"$(DERIVED_FILE_DIR)/Pods-layout-sampleTests-checkManifestLockResult.txt",
			);
			runOnlyForDeploymentPostprocessing = 0;
			shellPath = /bin/sh;
			shellScript = "diff \"${PODS_PODFILE_DIR_PATH}/Podfile.lock\" \"${PODS_ROOT}/Manifest.lock\" > /dev/null\nif [ $? != 0 ] ; then\n    # print error to STDERR\n    echo \"error: The sandbox is not in sync with the Podfile.lock. Run 'pod install' or update your CocoaPods installation.\" >&2\n    exit 1\nfi\n# This output is used by Xcode 'outputs' to avoid re-running this script phase.\necho \"SUCCESS\" > \"${SCRIPT_OUTPUT_FILE_0}\"\n";
			showEnvVarsInLog = 0;
		};
		AEBB9966B3C7EC6D5022FBA0 /* [CP] Check Pods Manifest.lock */ = {
			isa = PBXShellScriptBuildPhase;
			buildActionMask = 2147483647;
			files = (
			);
			inputFileListPaths = (
			);
			inputPaths = (
				"${PODS_PODFILE_DIR_PATH}/Podfile.lock",
				"${PODS_ROOT}/Manifest.lock",
			);
			name = "[CP] Check Pods Manifest.lock";
			outputFileListPaths = (
			);
			outputPaths = (
				"$(DERIVED_FILE_DIR)/Pods-layout-sample-checkManifestLockResult.txt",
			);
			runOnlyForDeploymentPostprocessing = 0;
			shellPath = /bin/sh;
			shellScript = "diff \"${PODS_PODFILE_DIR_PATH}/Podfile.lock\" \"${PODS_ROOT}/Manifest.lock\" > /dev/null\nif [ $? != 0 ] ; then\n    # print error to STDERR\n    echo \"error: The sandbox is not in sync with the Podfile.lock. Run 'pod install' or update your CocoaPods installation.\" >&2\n    exit 1\nfi\n# This output is used by Xcode 'outputs' to avoid re-running this script phase.\necho \"SUCCESS\" > \"${SCRIPT_OUTPUT_FILE_0}\"\n";
			showEnvVarsInLog = 0;
		};
		FFB943B7717FF15ED286F1E5 /* [CP] Embed Pods Frameworks */ = {
			isa = PBXShellScriptBuildPhase;
			buildActionMask = 2147483647;
			files = (
			);
			inputFileListPaths = (
				"${PODS_ROOT}/Target Support Files/Pods-layout-sample/Pods-layout-sample-frameworks-${CONFIGURATION}-input-files.xcfilelist",
			);
			name = "[CP] Embed Pods Frameworks";
			outputFileListPaths = (
				"${PODS_ROOT}/Target Support Files/Pods-layout-sample/Pods-layout-sample-frameworks-${CONFIGURATION}-output-files.xcfilelist",
			);
			runOnlyForDeploymentPostprocessing = 0;
			shellPath = /bin/sh;
			shellScript = "\"${PODS_ROOT}/Target Support Files/Pods-layout-sample/Pods-layout-sample-frameworks.sh\"\n";
			showEnvVarsInLog = 0;
		};
/* End PBXShellScriptBuildPhase section */

/* Begin PBXSourcesBuildPhase section */
		87176972228C730400C5E8DE /* Sources */ = {
			isa = PBXSourcesBuildPhase;
			buildActionMask = 2147483647;
			files = (
				DEB9735C22D6FAE500A82F16 /* RxSwiftSample3ViewController.swift in Sources */,
				DEB9736022D710C600A82F16 /* FavoriteModel.swift in Sources */,
				87D098D722B16F0500426DDC /* Training4ViewController.swift in Sources */,
				DE08280F22FC01B5000A5836 /* SampleToDoDataSource.swift in Sources */,
				DE20B7FE22B20398000ACD0D /* Training4FourthViewController.swift in Sources */,
				87D098BC22AE9C1D00426DDC /* ReuseCustom1TableViewCell.swift in Sources */,
				DE658145229FAAA200C319E1 /* Sample3PushFirstViewController.swift in Sources */,
				DE2641C622C47A11009C43AE /* RealmExtension.swift in Sources */,
				DEB82A9922E870AF00FF07C7 /* Normal2ViewController.swift in Sources */,
				DE2641C922C4811B009C43AE /* StudentModel.swift in Sources */,
				DE65814C229FAE9E00C319E1 /* PushSecondViewController.swift in Sources */,
				DE658150229FB00400C319E1 /* ScrollViewSampleViewController.swift in Sources */,
				DE20B7FA22B20359000ACD0D /* Training4ThirdViewController.swift in Sources */,
				DEBDFE90260D20C2008F5EAF /* Simple2ViewController.swift in Sources */,
				87D098E322BA865900426DDC /* Training4CustomTableViewCell.swift in Sources */,
				87D098C522B15A4100426DDC /* Training2ViewController.swift in Sources */,
				DEB82A9522E8709400FF07C7 /* NormalViewController.swift in Sources */,
				DEE8EF9922F2C04C00E1B855 /* ToDoDetailViewController.swift in Sources */,
				DEBDFE68260CFC4B008F5EAF /* Simple3GoalViewController.swift in Sources */,
				DE65813C229FA73600C319E1 /* Sample31ViewController.swift in Sources */,
				DE20B7F622B20326000ACD0D /* Training4SecondViewController.swift in Sources */,
				DEBDFE4B260CF4D9008F5EAF /* Simple2GoalViewController.swift in Sources */,
				87D098B622AE9AC200426DDC /* TableViewSample1ViewController.swift in Sources */,
				DE20B7EE22B1FADA000ACD0D /* Training3SecondViewController.swift in Sources */,
				DEE8EF9D22F2C50900E1B855 /* ToDoCustomTableViewCell.swift in Sources */,
				DEBA9E8822A8CD6E001E4A2F /* Custom1TableViewCell.swift in Sources */,
				DE5068082296755F005FF1FC /* layout1ViewController.swift in Sources */,
				DE658140229FAA5400C319E1 /* PushViewController.swift in Sources */,
				DEB9735822D6E8A900A82F16 /* RxSwiftSample2ViewController.swift in Sources */,
				DE50680A2296758B005FF1FC /* layout2ViewController.swift in Sources */,
				87D098CE22B15F9000426DDC /* Training2SecondViewController.swift in Sources */,
				DE08281122FC0C3D000A5836 /* RxTableViewToDoViewController.swift in Sources */,
				DE20B7F222B1FD1C000ACD0D /* Training3ThirdViewController.swift in Sources */,
				DE506810229679A5005FF1FC /* FirstViewController.swift in Sources */,
				DEB82A9022E825AF00FF07C7 /* RxCocoa2ViewController.swift in Sources */,
				DEBDFE3A260CCDED008F5EAF /* Simple1GoalViewController.swift in Sources */,
				DEBDFE80260D00B2008F5EAF /* Simple4GoalViewController.swift in Sources */,
				DE5D6A9B23053795001A88D7 /* RxTableViewSimpleToDoViewController.swift in Sources */,
				87D098D222B1632A00426DDC /* Training2ThirdViewController.swift in Sources */,
				DEBA9E8222A8C753001E4A2F /* TableView1ViewController.swift in Sources */,
				87D098BF22AE9FFC00426DDC /* Training1ViewController.swift in Sources */,
				87D098C722B15B6600426DDC /* Training3ViewController.swift in Sources */,
				DEB3AC8322CD8E760097BCFA /* RxSwiftSample1ViewController.swift in Sources */,
				DE506812229679AD005FF1FC /* SecondViewController.swift in Sources */,
				8717697C228C730400C5E8DE /* ViewController.swift in Sources */,
				DE658148229FAAA200C319E1 /* Sample3PushSecondViewController.swift in Sources */,
				DE2641CB22C48149009C43AE /* StudentSchoolModel.swift in Sources */,
				DEBA9E8422A8C9A1001E4A2F /* Custom2TableViewCell.swift in Sources */,
				8717697A228C730400C5E8DE /* AppDelegate.swift in Sources */,
				DEB82A8C22E8258A00FF07C7 /* RxCocoa1ViewController.swift in Sources */,
				DEE8EF9522F2B75F00E1B855 /* ToDoListViewController.swift in Sources */,
				87D098DD22BA80A800426DDC /* Training5ViewController.swift in Sources */,
			);
			runOnlyForDeploymentPostprocessing = 0;
		};
		87176986228C730800C5E8DE /* Sources */ = {
			isa = PBXSourcesBuildPhase;
			buildActionMask = 2147483647;
			files = (
				8717698F228C730800C5E8DE /* layout_sampleTests.swift in Sources */,
			);
			runOnlyForDeploymentPostprocessing = 0;
		};
		87176991228C730800C5E8DE /* Sources */ = {
			isa = PBXSourcesBuildPhase;
			buildActionMask = 2147483647;
			files = (
				8717699A228C730800C5E8DE /* layout_sampleUITests.swift in Sources */,
			);
			runOnlyForDeploymentPostprocessing = 0;
		};
/* End PBXSourcesBuildPhase section */

/* Begin PBXTargetDependency section */
		8717698C228C730800C5E8DE /* PBXTargetDependency */ = {
			isa = PBXTargetDependency;
			target = 87176975228C730400C5E8DE /* layout-sample */;
			targetProxy = 8717698B228C730800C5E8DE /* PBXContainerItemProxy */;
		};
		87176997228C730800C5E8DE /* PBXTargetDependency */ = {
			isa = PBXTargetDependency;
			target = 87176975228C730400C5E8DE /* layout-sample */;
			targetProxy = 87176996228C730800C5E8DE /* PBXContainerItemProxy */;
		};
/* End PBXTargetDependency section */

/* Begin PBXVariantGroup section */
		8717697D228C730400C5E8DE /* Main.storyboard */ = {
			isa = PBXVariantGroup;
			children = (
				8717697E228C730400C5E8DE /* Base */,
			);
			name = Main.storyboard;
			sourceTree = "<group>";
		};
		87176982228C730700C5E8DE /* LaunchScreen.storyboard */ = {
			isa = PBXVariantGroup;
			children = (
				87176983228C730700C5E8DE /* Base */,
			);
			name = LaunchScreen.storyboard;
			sourceTree = "<group>";
		};
/* End PBXVariantGroup section */

/* Begin XCBuildConfiguration section */
		8717699C228C730800C5E8DE /* Debug */ = {
			isa = XCBuildConfiguration;
			buildSettings = {
				ALWAYS_SEARCH_USER_PATHS = NO;
				CLANG_ANALYZER_NONNULL = YES;
				CLANG_ANALYZER_NUMBER_OBJECT_CONVERSION = YES_AGGRESSIVE;
				CLANG_CXX_LANGUAGE_STANDARD = "gnu++14";
				CLANG_CXX_LIBRARY = "libc++";
				CLANG_ENABLE_MODULES = YES;
				CLANG_ENABLE_OBJC_ARC = YES;
				CLANG_ENABLE_OBJC_WEAK = YES;
				CLANG_WARN_BLOCK_CAPTURE_AUTORELEASING = YES;
				CLANG_WARN_BOOL_CONVERSION = YES;
				CLANG_WARN_COMMA = YES;
				CLANG_WARN_CONSTANT_CONVERSION = YES;
				CLANG_WARN_DEPRECATED_OBJC_IMPLEMENTATIONS = YES;
				CLANG_WARN_DIRECT_OBJC_ISA_USAGE = YES_ERROR;
				CLANG_WARN_DOCUMENTATION_COMMENTS = YES;
				CLANG_WARN_EMPTY_BODY = YES;
				CLANG_WARN_ENUM_CONVERSION = YES;
				CLANG_WARN_INFINITE_RECURSION = YES;
				CLANG_WARN_INT_CONVERSION = YES;
				CLANG_WARN_NON_LITERAL_NULL_CONVERSION = YES;
				CLANG_WARN_OBJC_IMPLICIT_RETAIN_SELF = YES;
				CLANG_WARN_OBJC_LITERAL_CONVERSION = YES;
				CLANG_WARN_OBJC_ROOT_CLASS = YES_ERROR;
				CLANG_WARN_RANGE_LOOP_ANALYSIS = YES;
				CLANG_WARN_STRICT_PROTOTYPES = YES;
				CLANG_WARN_SUSPICIOUS_MOVE = YES;
				CLANG_WARN_UNGUARDED_AVAILABILITY = YES_AGGRESSIVE;
				CLANG_WARN_UNREACHABLE_CODE = YES;
				CLANG_WARN__DUPLICATE_METHOD_MATCH = YES;
				CODE_SIGN_IDENTITY = "iPhone Developer";
				COPY_PHASE_STRIP = NO;
				DEBUG_INFORMATION_FORMAT = dwarf;
				ENABLE_STRICT_OBJC_MSGSEND = YES;
				ENABLE_TESTABILITY = YES;
				GCC_C_LANGUAGE_STANDARD = gnu11;
				GCC_DYNAMIC_NO_PIC = NO;
				GCC_NO_COMMON_BLOCKS = YES;
				GCC_OPTIMIZATION_LEVEL = 0;
				GCC_PREPROCESSOR_DEFINITIONS = (
					"DEBUG=1",
					"$(inherited)",
				);
				GCC_WARN_64_TO_32_BIT_CONVERSION = YES;
				GCC_WARN_ABOUT_RETURN_TYPE = YES_ERROR;
				GCC_WARN_UNDECLARED_SELECTOR = YES;
				GCC_WARN_UNINITIALIZED_AUTOS = YES_AGGRESSIVE;
				GCC_WARN_UNUSED_FUNCTION = YES;
				GCC_WARN_UNUSED_VARIABLE = YES;
				IPHONEOS_DEPLOYMENT_TARGET = 12.1;
				MTL_ENABLE_DEBUG_INFO = INCLUDE_SOURCE;
				MTL_FAST_MATH = YES;
				ONLY_ACTIVE_ARCH = YES;
				SDKROOT = iphoneos;
				SWIFT_ACTIVE_COMPILATION_CONDITIONS = DEBUG;
				SWIFT_OPTIMIZATION_LEVEL = "-Onone";
			};
			name = Debug;
		};
		8717699D228C730800C5E8DE /* Release */ = {
			isa = XCBuildConfiguration;
			buildSettings = {
				ALWAYS_SEARCH_USER_PATHS = NO;
				CLANG_ANALYZER_NONNULL = YES;
				CLANG_ANALYZER_NUMBER_OBJECT_CONVERSION = YES_AGGRESSIVE;
				CLANG_CXX_LANGUAGE_STANDARD = "gnu++14";
				CLANG_CXX_LIBRARY = "libc++";
				CLANG_ENABLE_MODULES = YES;
				CLANG_ENABLE_OBJC_ARC = YES;
				CLANG_ENABLE_OBJC_WEAK = YES;
				CLANG_WARN_BLOCK_CAPTURE_AUTORELEASING = YES;
				CLANG_WARN_BOOL_CONVERSION = YES;
				CLANG_WARN_COMMA = YES;
				CLANG_WARN_CONSTANT_CONVERSION = YES;
				CLANG_WARN_DEPRECATED_OBJC_IMPLEMENTATIONS = YES;
				CLANG_WARN_DIRECT_OBJC_ISA_USAGE = YES_ERROR;
				CLANG_WARN_DOCUMENTATION_COMMENTS = YES;
				CLANG_WARN_EMPTY_BODY = YES;
				CLANG_WARN_ENUM_CONVERSION = YES;
				CLANG_WARN_INFINITE_RECURSION = YES;
				CLANG_WARN_INT_CONVERSION = YES;
				CLANG_WARN_NON_LITERAL_NULL_CONVERSION = YES;
				CLANG_WARN_OBJC_IMPLICIT_RETAIN_SELF = YES;
				CLANG_WARN_OBJC_LITERAL_CONVERSION = YES;
				CLANG_WARN_OBJC_ROOT_CLASS = YES_ERROR;
				CLANG_WARN_RANGE_LOOP_ANALYSIS = YES;
				CLANG_WARN_STRICT_PROTOTYPES = YES;
				CLANG_WARN_SUSPICIOUS_MOVE = YES;
				CLANG_WARN_UNGUARDED_AVAILABILITY = YES_AGGRESSIVE;
				CLANG_WARN_UNREACHABLE_CODE = YES;
				CLANG_WARN__DUPLICATE_METHOD_MATCH = YES;
				CODE_SIGN_IDENTITY = "iPhone Developer";
				COPY_PHASE_STRIP = NO;
				DEBUG_INFORMATION_FORMAT = "dwarf-with-dsym";
				ENABLE_NS_ASSERTIONS = NO;
				ENABLE_STRICT_OBJC_MSGSEND = YES;
				GCC_C_LANGUAGE_STANDARD = gnu11;
				GCC_NO_COMMON_BLOCKS = YES;
				GCC_WARN_64_TO_32_BIT_CONVERSION = YES;
				GCC_WARN_ABOUT_RETURN_TYPE = YES_ERROR;
				GCC_WARN_UNDECLARED_SELECTOR = YES;
				GCC_WARN_UNINITIALIZED_AUTOS = YES_AGGRESSIVE;
				GCC_WARN_UNUSED_FUNCTION = YES;
				GCC_WARN_UNUSED_VARIABLE = YES;
				IPHONEOS_DEPLOYMENT_TARGET = 12.1;
				MTL_ENABLE_DEBUG_INFO = NO;
				MTL_FAST_MATH = YES;
				SDKROOT = iphoneos;
				SWIFT_COMPILATION_MODE = wholemodule;
				SWIFT_OPTIMIZATION_LEVEL = "-O";
				VALIDATE_PRODUCT = YES;
			};
			name = Release;
		};
		8717699F228C730800C5E8DE /* Debug */ = {
			isa = XCBuildConfiguration;
			baseConfigurationReference = 20687F81CBF2CCC585935A14 /* Pods-layout-sample.debug.xcconfig */;
			buildSettings = {
				ASSETCATALOG_COMPILER_APPICON_NAME = AppIcon;
				CODE_SIGN_IDENTITY = "iPhone Developer";
				CODE_SIGN_STYLE = Automatic;
				DEVELOPMENT_TEAM = "";
				INFOPLIST_FILE = "layout-sample/Info.plist";
				LD_RUNPATH_SEARCH_PATHS = (
					"$(inherited)",
					"@executable_path/Frameworks",
				);
				PRODUCT_BUNDLE_IDENTIFIER = "com.sample.layout-sample";
				PRODUCT_NAME = "$(TARGET_NAME)";
				PROVISIONING_PROFILE_SPECIFIER = "";
				SWIFT_VERSION = 4.2;
				TARGETED_DEVICE_FAMILY = "1,2";
			};
			name = Debug;
		};
		871769A0228C730800C5E8DE /* Release */ = {
			isa = XCBuildConfiguration;
			baseConfigurationReference = 0046C4F97A8CE2FA15973CF8 /* Pods-layout-sample.release.xcconfig */;
			buildSettings = {
				ASSETCATALOG_COMPILER_APPICON_NAME = AppIcon;
				CODE_SIGN_IDENTITY = "iPhone Developer";
				CODE_SIGN_STYLE = Automatic;
				DEVELOPMENT_TEAM = "";
				INFOPLIST_FILE = "layout-sample/Info.plist";
				LD_RUNPATH_SEARCH_PATHS = (
					"$(inherited)",
					"@executable_path/Frameworks",
				);
				PRODUCT_BUNDLE_IDENTIFIER = "com.sample.layout-sample";
				PRODUCT_NAME = "$(TARGET_NAME)";
				PROVISIONING_PROFILE_SPECIFIER = "";
				SWIFT_VERSION = 4.2;
				TARGETED_DEVICE_FAMILY = "1,2";
			};
			name = Release;
		};
		871769A2228C730800C5E8DE /* Debug */ = {
			isa = XCBuildConfiguration;
			baseConfigurationReference = 41978AA01D6D67782A031F1D /* Pods-layout-sampleTests.debug.xcconfig */;
			buildSettings = {
				ALWAYS_EMBED_SWIFT_STANDARD_LIBRARIES = YES;
				BUNDLE_LOADER = "$(TEST_HOST)";
				CODE_SIGN_STYLE = Automatic;
				DEVELOPMENT_TEAM = 2W9VR65357;
				INFOPLIST_FILE = "layout-sampleTests/Info.plist";
				LD_RUNPATH_SEARCH_PATHS = (
					"$(inherited)",
					"@executable_path/Frameworks",
					"@loader_path/Frameworks",
				);
				PRODUCT_BUNDLE_IDENTIFIER = "com.sample.layout-sampleTests";
				PRODUCT_NAME = "$(TARGET_NAME)";
				SWIFT_VERSION = 4.2;
				TARGETED_DEVICE_FAMILY = "1,2";
				TEST_HOST = "$(BUILT_PRODUCTS_DIR)/layout-sample.app/layout-sample";
			};
			name = Debug;
		};
		871769A3228C730800C5E8DE /* Release */ = {
			isa = XCBuildConfiguration;
			baseConfigurationReference = 6C3FDB2F18287BB15D926DEF /* Pods-layout-sampleTests.release.xcconfig */;
			buildSettings = {
				ALWAYS_EMBED_SWIFT_STANDARD_LIBRARIES = YES;
				BUNDLE_LOADER = "$(TEST_HOST)";
				CODE_SIGN_STYLE = Automatic;
				DEVELOPMENT_TEAM = 2W9VR65357;
				INFOPLIST_FILE = "layout-sampleTests/Info.plist";
				LD_RUNPATH_SEARCH_PATHS = (
					"$(inherited)",
					"@executable_path/Frameworks",
					"@loader_path/Frameworks",
				);
				PRODUCT_BUNDLE_IDENTIFIER = "com.sample.layout-sampleTests";
				PRODUCT_NAME = "$(TARGET_NAME)";
				SWIFT_VERSION = 4.2;
				TARGETED_DEVICE_FAMILY = "1,2";
				TEST_HOST = "$(BUILT_PRODUCTS_DIR)/layout-sample.app/layout-sample";
			};
			name = Release;
		};
		871769A5228C730800C5E8DE /* Debug */ = {
			isa = XCBuildConfiguration;
			baseConfigurationReference = 91542056D20371DC2ACA6FD8 /* Pods-layout-sampleUITests.debug.xcconfig */;
			buildSettings = {
				ALWAYS_EMBED_SWIFT_STANDARD_LIBRARIES = YES;
				CODE_SIGN_STYLE = Automatic;
				DEVELOPMENT_TEAM = 2W9VR65357;
				INFOPLIST_FILE = "layout-sampleUITests/Info.plist";
				LD_RUNPATH_SEARCH_PATHS = (
					"$(inherited)",
					"@executable_path/Frameworks",
					"@loader_path/Frameworks",
				);
				PRODUCT_BUNDLE_IDENTIFIER = "com.sample.layout-sampleUITests";
				PRODUCT_NAME = "$(TARGET_NAME)";
				SWIFT_VERSION = 4.2;
				TARGETED_DEVICE_FAMILY = "1,2";
				TEST_TARGET_NAME = "layout-sample";
			};
			name = Debug;
		};
		871769A6228C730800C5E8DE /* Release */ = {
			isa = XCBuildConfiguration;
			baseConfigurationReference = 1BD4772E2D1C60EFFD5E85FB /* Pods-layout-sampleUITests.release.xcconfig */;
			buildSettings = {
				ALWAYS_EMBED_SWIFT_STANDARD_LIBRARIES = YES;
				CODE_SIGN_STYLE = Automatic;
				DEVELOPMENT_TEAM = 2W9VR65357;
				INFOPLIST_FILE = "layout-sampleUITests/Info.plist";
				LD_RUNPATH_SEARCH_PATHS = (
					"$(inherited)",
					"@executable_path/Frameworks",
					"@loader_path/Frameworks",
				);
				PRODUCT_BUNDLE_IDENTIFIER = "com.sample.layout-sampleUITests";
				PRODUCT_NAME = "$(TARGET_NAME)";
				SWIFT_VERSION = 4.2;
				TARGETED_DEVICE_FAMILY = "1,2";
				TEST_TARGET_NAME = "layout-sample";
			};
			name = Release;
		};
/* End XCBuildConfiguration section */

/* Begin XCConfigurationList section */
		87176971228C730400C5E8DE /* Build configuration list for PBXProject "layout-sample" */ = {
			isa = XCConfigurationList;
			buildConfigurations = (
				8717699C228C730800C5E8DE /* Debug */,
				8717699D228C730800C5E8DE /* Release */,
			);
			defaultConfigurationIsVisible = 0;
			defaultConfigurationName = Release;
		};
		8717699E228C730800C5E8DE /* Build configuration list for PBXNativeTarget "layout-sample" */ = {
			isa = XCConfigurationList;
			buildConfigurations = (
				8717699F228C730800C5E8DE /* Debug */,
				871769A0228C730800C5E8DE /* Release */,
			);
			defaultConfigurationIsVisible = 0;
			defaultConfigurationName = Release;
		};
		871769A1228C730800C5E8DE /* Build configuration list for PBXNativeTarget "layout-sampleTests" */ = {
			isa = XCConfigurationList;
			buildConfigurations = (
				871769A2228C730800C5E8DE /* Debug */,
				871769A3228C730800C5E8DE /* Release */,
			);
			defaultConfigurationIsVisible = 0;
			defaultConfigurationName = Release;
		};
		871769A4228C730800C5E8DE /* Build configuration list for PBXNativeTarget "layout-sampleUITests" */ = {
			isa = XCConfigurationList;
			buildConfigurations = (
				871769A5228C730800C5E8DE /* Debug */,
				871769A6228C730800C5E8DE /* Release */,
			);
			defaultConfigurationIsVisible = 0;
			defaultConfigurationName = Release;
		};
/* End XCConfigurationList section */
	};
	rootObject = 8717696E228C730400C5E8DE /* Project object */;
}
